<?xml version="1.0" encoding="UTF-8"?>
<CodeBlocks_project_file>
	<FileVersion major="1" minor="6"/>
	<Project>
		<Option title="gmock"/>
		<Option makefile_is_custom="1"/>
		<Option compiler="gcc"/>
		<Option virtualFolders="CMake Files\;CMake Files\CreatorLib\;CMake Files\CreatorLib\CPACSCreatorLib\;CMake Files\CreatorLib\CPACSCreatorLibTests\;CMake Files\CreatorLib\CPACSCreatorLibTests\CreatorTests\;CMake Files\CreatorLib\CPACSCreatorLibTests\googletest-release-1.8.0\;CMake Files\CreatorLib\CPACSCreatorLibTests\googletest-release-1.8.0\googlemock\;CMake Files\CreatorLib\CPACSCreatorLibTests\googletest-release-1.8.0\googletest\;CMake Files\CreatorLib\CPACSCreatorLibTests\googletest-release-1.8.0\googletest\cmake\;CMake Files\..\;CMake Files\..\..\;CMake Files\..\..\..\;CMake Files\..\..\..\..\;CMake Files\..\..\..\..\usr\;CMake Files\..\..\..\..\usr\lib64\;CMake Files\..\..\..\..\usr\lib64\oce-0.17\;CMake Files\..\..\..\..\usr\lib64\cmake\;CMake Files\..\..\..\..\usr\lib64\cmake\Qt5Widgets\;CMake Files\..\..\..\..\usr\lib64\cmake\Qt5Gui\;CMake Files\..\..\..\..\usr\lib64\cmake\Qt5Core\;CMake Files\..\..\..\..\usr\lib64\cmake\Qt5Script\;CMake Files\..\..\..\..\usr\lib\;CMake Files\..\..\..\..\usr\lib\tixi3\;CMake Files\src\;CMake Files\src\api\;CMake Files\cmake\;CMake Files\doc\;CMake Files\TIGLViewer\;CMake Files\TIGLViewer\src\;CMake Files\TIGLViewer\styles\;CMake Files\TIGLViewer\styles\qdarkstyle\;CMake Files\bindings\;CMake Files\bindings\python\;CMake Files\bindings\matlab\;CMake Files\bindings\java\;CMake Files\bindings\python_internal\;CMake Files\examples\;CMake Files\examples\c_demo\;CMake Files\examples\matlab_demo\;CMake Files\examples\python_demo\;CMake Files\examples\java_demo\;"/>
		<Build>
			<Target title="all">
				<Option working_dir="/users/disk9/cfse/Stage_Malo/CPACSCreatorTotal/qt-build/CreatorLib/CPACSCreatorLibTests/googletest-release-1.8.0/googlemock"/>
				<Option type="4"/>
				<MakeCommands>
					<Build command="/usr/bin/gmake -j4 -f &quot;/users/disk9/cfse/Stage_Malo/CPACSCreatorTotal/qt-build/CreatorLib/CPACSCreatorLibTests/googletest-release-1.8.0/googlemock/Makefile&quot;  VERBOSE=1 all"/>
					<CompileFile command="/usr/bin/gmake -j4 -f &quot;/users/disk9/cfse/Stage_Malo/CPACSCreatorTotal/qt-build/CreatorLib/CPACSCreatorLibTests/googletest-release-1.8.0/googlemock/Makefile&quot;  VERBOSE=1 &quot;$file&quot;"/>
					<Clean command="/usr/bin/gmake -j4 -f &quot;/users/disk9/cfse/Stage_Malo/CPACSCreatorTotal/qt-build/CreatorLib/CPACSCreatorLibTests/googletest-release-1.8.0/googlemock/Makefile&quot;  VERBOSE=1 clean"/>
					<DistClean command="/usr/bin/gmake -j4 -f &quot;/users/disk9/cfse/Stage_Malo/CPACSCreatorTotal/qt-build/CreatorLib/CPACSCreatorLibTests/googletest-release-1.8.0/googlemock/Makefile&quot;  VERBOSE=1 clean"/>
				</MakeCommands>
			</Target>
			<Target title="gmock_main">
				<Option output="/users/disk9/cfse/Stage_Malo/CPACSCreatorTotal/qt-build/lib/libgmock_main.a" prefix_auto="0" extension_auto="0"/>
				<Option working_dir="/users/disk9/cfse/Stage_Malo/CPACSCreatorTotal/qt-build/CreatorLib/CPACSCreatorLibTests/googletest-release-1.8.0/googlemock"/>
				<Option object_output="./"/>
				<Option type="2"/>
				<Option compiler="gcc"/>
				<Compiler>
					<Add directory="/home/cfse/Stage_Malo/CPACSCreatorTotal/CreatorLib/CPACSCreatorLibTests/googletest-release-1.8.0/googlemock/include"/>
					<Add directory="/home/cfse/Stage_Malo/CPACSCreatorTotal/CreatorLib/CPACSCreatorLibTests/googletest-release-1.8.0/googlemock"/>
					<Add directory="/home/cfse/Stage_Malo/CPACSCreatorTotal/CreatorLib/CPACSCreatorLibTests/googletest-release-1.8.0/googletest/include"/>
					<Add directory="/home/cfse/Stage_Malo/CPACSCreatorTotal/CreatorLib/CPACSCreatorLibTests/googletest-release-1.8.0/googletest"/>
					<Add directory="/usr/lib/gcc/x86_64-redhat-linux/4.8.5/../../../../include/c++/4.8.5"/>
					<Add directory="/usr/lib/gcc/x86_64-redhat-linux/4.8.5/../../../../include/c++/4.8.5/x86_64-redhat-linux"/>
					<Add directory="/usr/lib/gcc/x86_64-redhat-linux/4.8.5/../../../../include/c++/4.8.5/backward"/>
					<Add directory="/usr/lib/gcc/x86_64-redhat-linux/4.8.5/include"/>
					<Add directory="/usr/local/include"/>
					<Add directory="/usr/include"/>
				</Compiler>
				<MakeCommands>
					<Build command="/usr/bin/gmake -j4 -f &quot;/users/disk9/cfse/Stage_Malo/CPACSCreatorTotal/qt-build/CreatorLib/CPACSCreatorLibTests/googletest-release-1.8.0/googlemock/Makefile&quot;  VERBOSE=1 gmock_main"/>
					<CompileFile command="/usr/bin/gmake -j4 -f &quot;/users/disk9/cfse/Stage_Malo/CPACSCreatorTotal/qt-build/CreatorLib/CPACSCreatorLibTests/googletest-release-1.8.0/googlemock/Makefile&quot;  VERBOSE=1 &quot;$file&quot;"/>
					<Clean command="/usr/bin/gmake -j4 -f &quot;/users/disk9/cfse/Stage_Malo/CPACSCreatorTotal/qt-build/CreatorLib/CPACSCreatorLibTests/googletest-release-1.8.0/googlemock/Makefile&quot;  VERBOSE=1 clean"/>
					<DistClean command="/usr/bin/gmake -j4 -f &quot;/users/disk9/cfse/Stage_Malo/CPACSCreatorTotal/qt-build/CreatorLib/CPACSCreatorLibTests/googletest-release-1.8.0/googlemock/Makefile&quot;  VERBOSE=1 clean"/>
				</MakeCommands>
			</Target>
			<Target title="gmock_main/fast">
				<Option output="/users/disk9/cfse/Stage_Malo/CPACSCreatorTotal/qt-build/lib/libgmock_main.a" prefix_auto="0" extension_auto="0"/>
				<Option working_dir="/users/disk9/cfse/Stage_Malo/CPACSCreatorTotal/qt-build/CreatorLib/CPACSCreatorLibTests/googletest-release-1.8.0/googlemock"/>
				<Option object_output="./"/>
				<Option type="2"/>
				<Option compiler="gcc"/>
				<Compiler>
					<Add directory="/home/cfse/Stage_Malo/CPACSCreatorTotal/CreatorLib/CPACSCreatorLibTests/googletest-release-1.8.0/googlemock/include"/>
					<Add directory="/home/cfse/Stage_Malo/CPACSCreatorTotal/CreatorLib/CPACSCreatorLibTests/googletest-release-1.8.0/googlemock"/>
					<Add directory="/home/cfse/Stage_Malo/CPACSCreatorTotal/CreatorLib/CPACSCreatorLibTests/googletest-release-1.8.0/googletest/include"/>
					<Add directory="/home/cfse/Stage_Malo/CPACSCreatorTotal/CreatorLib/CPACSCreatorLibTests/googletest-release-1.8.0/googletest"/>
					<Add directory="/usr/lib/gcc/x86_64-redhat-linux/4.8.5/../../../../include/c++/4.8.5"/>
					<Add directory="/usr/lib/gcc/x86_64-redhat-linux/4.8.5/../../../../include/c++/4.8.5/x86_64-redhat-linux"/>
					<Add directory="/usr/lib/gcc/x86_64-redhat-linux/4.8.5/../../../../include/c++/4.8.5/backward"/>
					<Add directory="/usr/lib/gcc/x86_64-redhat-linux/4.8.5/include"/>
					<Add directory="/usr/local/include"/>
					<Add directory="/usr/include"/>
				</Compiler>
				<MakeCommands>
					<Build command="/usr/bin/gmake -j4 -f &quot;/users/disk9/cfse/Stage_Malo/CPACSCreatorTotal/qt-build/CreatorLib/CPACSCreatorLibTests/googletest-release-1.8.0/googlemock/Makefile&quot;  VERBOSE=1 gmock_main/fast"/>
					<CompileFile command="/usr/bin/gmake -j4 -f &quot;/users/disk9/cfse/Stage_Malo/CPACSCreatorTotal/qt-build/CreatorLib/CPACSCreatorLibTests/googletest-release-1.8.0/googlemock/Makefile&quot;  VERBOSE=1 &quot;$file&quot;"/>
					<Clean command="/usr/bin/gmake -j4 -f &quot;/users/disk9/cfse/Stage_Malo/CPACSCreatorTotal/qt-build/CreatorLib/CPACSCreatorLibTests/googletest-release-1.8.0/googlemock/Makefile&quot;  VERBOSE=1 clean"/>
					<DistClean command="/usr/bin/gmake -j4 -f &quot;/users/disk9/cfse/Stage_Malo/CPACSCreatorTotal/qt-build/CreatorLib/CPACSCreatorLibTests/googletest-release-1.8.0/googlemock/Makefile&quot;  VERBOSE=1 clean"/>
				</MakeCommands>
			</Target>
			<Target title="gmock">
				<Option output="/users/disk9/cfse/Stage_Malo/CPACSCreatorTotal/qt-build/lib/libgmock.a" prefix_auto="0" extension_auto="0"/>
				<Option working_dir="/users/disk9/cfse/Stage_Malo/CPACSCreatorTotal/qt-build/CreatorLib/CPACSCreatorLibTests/googletest-release-1.8.0/googlemock"/>
				<Option object_output="./"/>
				<Option type="2"/>
				<Option compiler="gcc"/>
				<Compiler>
					<Add directory="/home/cfse/Stage_Malo/CPACSCreatorTotal/CreatorLib/CPACSCreatorLibTests/googletest-release-1.8.0/googlemock/include"/>
					<Add directory="/home/cfse/Stage_Malo/CPACSCreatorTotal/CreatorLib/CPACSCreatorLibTests/googletest-release-1.8.0/googlemock"/>
					<Add directory="/home/cfse/Stage_Malo/CPACSCreatorTotal/CreatorLib/CPACSCreatorLibTests/googletest-release-1.8.0/googletest/include"/>
					<Add directory="/home/cfse/Stage_Malo/CPACSCreatorTotal/CreatorLib/CPACSCreatorLibTests/googletest-release-1.8.0/googletest"/>
					<Add directory="/usr/lib/gcc/x86_64-redhat-linux/4.8.5/../../../../include/c++/4.8.5"/>
					<Add directory="/usr/lib/gcc/x86_64-redhat-linux/4.8.5/../../../../include/c++/4.8.5/x86_64-redhat-linux"/>
					<Add directory="/usr/lib/gcc/x86_64-redhat-linux/4.8.5/../../../../include/c++/4.8.5/backward"/>
					<Add directory="/usr/lib/gcc/x86_64-redhat-linux/4.8.5/include"/>
					<Add directory="/usr/local/include"/>
					<Add directory="/usr/include"/>
				</Compiler>
				<MakeCommands>
					<Build command="/usr/bin/gmake -j4 -f &quot;/users/disk9/cfse/Stage_Malo/CPACSCreatorTotal/qt-build/CreatorLib/CPACSCreatorLibTests/googletest-release-1.8.0/googlemock/Makefile&quot;  VERBOSE=1 gmock"/>
					<CompileFile command="/usr/bin/gmake -j4 -f &quot;/users/disk9/cfse/Stage_Malo/CPACSCreatorTotal/qt-build/CreatorLib/CPACSCreatorLibTests/googletest-release-1.8.0/googlemock/Makefile&quot;  VERBOSE=1 &quot;$file&quot;"/>
					<Clean command="/usr/bin/gmake -j4 -f &quot;/users/disk9/cfse/Stage_Malo/CPACSCreatorTotal/qt-build/CreatorLib/CPACSCreatorLibTests/googletest-release-1.8.0/googlemock/Makefile&quot;  VERBOSE=1 clean"/>
					<DistClean command="/usr/bin/gmake -j4 -f &quot;/users/disk9/cfse/Stage_Malo/CPACSCreatorTotal/qt-build/CreatorLib/CPACSCreatorLibTests/googletest-release-1.8.0/googlemock/Makefile&quot;  VERBOSE=1 clean"/>
				</MakeCommands>
			</Target>
			<Target title="gmock/fast">
				<Option output="/users/disk9/cfse/Stage_Malo/CPACSCreatorTotal/qt-build/lib/libgmock.a" prefix_auto="0" extension_auto="0"/>
				<Option working_dir="/users/disk9/cfse/Stage_Malo/CPACSCreatorTotal/qt-build/CreatorLib/CPACSCreatorLibTests/googletest-release-1.8.0/googlemock"/>
				<Option object_output="./"/>
				<Option type="2"/>
				<Option compiler="gcc"/>
				<Compiler>
					<Add directory="/home/cfse/Stage_Malo/CPACSCreatorTotal/CreatorLib/CPACSCreatorLibTests/googletest-release-1.8.0/googlemock/include"/>
					<Add directory="/home/cfse/Stage_Malo/CPACSCreatorTotal/CreatorLib/CPACSCreatorLibTests/googletest-release-1.8.0/googlemock"/>
					<Add directory="/home/cfse/Stage_Malo/CPACSCreatorTotal/CreatorLib/CPACSCreatorLibTests/googletest-release-1.8.0/googletest/include"/>
					<Add directory="/home/cfse/Stage_Malo/CPACSCreatorTotal/CreatorLib/CPACSCreatorLibTests/googletest-release-1.8.0/googletest"/>
					<Add directory="/usr/lib/gcc/x86_64-redhat-linux/4.8.5/../../../../include/c++/4.8.5"/>
					<Add directory="/usr/lib/gcc/x86_64-redhat-linux/4.8.5/../../../../include/c++/4.8.5/x86_64-redhat-linux"/>
					<Add directory="/usr/lib/gcc/x86_64-redhat-linux/4.8.5/../../../../include/c++/4.8.5/backward"/>
					<Add directory="/usr/lib/gcc/x86_64-redhat-linux/4.8.5/include"/>
					<Add directory="/usr/local/include"/>
					<Add directory="/usr/include"/>
				</Compiler>
				<MakeCommands>
					<Build command="/usr/bin/gmake -j4 -f &quot;/users/disk9/cfse/Stage_Malo/CPACSCreatorTotal/qt-build/CreatorLib/CPACSCreatorLibTests/googletest-release-1.8.0/googlemock/Makefile&quot;  VERBOSE=1 gmock/fast"/>
					<CompileFile command="/usr/bin/gmake -j4 -f &quot;/users/disk9/cfse/Stage_Malo/CPACSCreatorTotal/qt-build/CreatorLib/CPACSCreatorLibTests/googletest-release-1.8.0/googlemock/Makefile&quot;  VERBOSE=1 &quot;$file&quot;"/>
					<Clean command="/usr/bin/gmake -j4 -f &quot;/users/disk9/cfse/Stage_Malo/CPACSCreatorTotal/qt-build/CreatorLib/CPACSCreatorLibTests/googletest-release-1.8.0/googlemock/Makefile&quot;  VERBOSE=1 clean"/>
					<DistClean command="/usr/bin/gmake -j4 -f &quot;/users/disk9/cfse/Stage_Malo/CPACSCreatorTotal/qt-build/CreatorLib/CPACSCreatorLibTests/googletest-release-1.8.0/googlemock/Makefile&quot;  VERBOSE=1 clean"/>
				</MakeCommands>
			</Target>
			<Target title="gtest_main">
				<Option output="/users/disk9/cfse/Stage_Malo/CPACSCreatorTotal/qt-build/lib/libgtest_main.a" prefix_auto="0" extension_auto="0"/>
				<Option working_dir="/users/disk9/cfse/Stage_Malo/CPACSCreatorTotal/qt-build/CreatorLib/CPACSCreatorLibTests/googletest-release-1.8.0/googlemock/gtest"/>
				<Option object_output="./"/>
				<Option type="2"/>
				<Option compiler="gcc"/>
				<Compiler>
					<Add directory="/home/cfse/Stage_Malo/CPACSCreatorTotal/CreatorLib/CPACSCreatorLibTests/googletest-release-1.8.0/googletest/include"/>
					<Add directory="/home/cfse/Stage_Malo/CPACSCreatorTotal/CreatorLib/CPACSCreatorLibTests/googletest-release-1.8.0/googletest"/>
					<Add directory="/usr/lib/gcc/x86_64-redhat-linux/4.8.5/../../../../include/c++/4.8.5"/>
					<Add directory="/usr/lib/gcc/x86_64-redhat-linux/4.8.5/../../../../include/c++/4.8.5/x86_64-redhat-linux"/>
					<Add directory="/usr/lib/gcc/x86_64-redhat-linux/4.8.5/../../../../include/c++/4.8.5/backward"/>
					<Add directory="/usr/lib/gcc/x86_64-redhat-linux/4.8.5/include"/>
					<Add directory="/usr/local/include"/>
					<Add directory="/usr/include"/>
				</Compiler>
				<MakeCommands>
					<Build command="/usr/bin/gmake -j4 -f &quot;/users/disk9/cfse/Stage_Malo/CPACSCreatorTotal/qt-build/CreatorLib/CPACSCreatorLibTests/googletest-release-1.8.0/googlemock/gtest/Makefile&quot;  VERBOSE=1 gtest_main"/>
					<CompileFile command="/usr/bin/gmake -j4 -f &quot;/users/disk9/cfse/Stage_Malo/CPACSCreatorTotal/qt-build/CreatorLib/CPACSCreatorLibTests/googletest-release-1.8.0/googlemock/gtest/Makefile&quot;  VERBOSE=1 &quot;$file&quot;"/>
					<Clean command="/usr/bin/gmake -j4 -f &quot;/users/disk9/cfse/Stage_Malo/CPACSCreatorTotal/qt-build/CreatorLib/CPACSCreatorLibTests/googletest-release-1.8.0/googlemock/gtest/Makefile&quot;  VERBOSE=1 clean"/>
					<DistClean command="/usr/bin/gmake -j4 -f &quot;/users/disk9/cfse/Stage_Malo/CPACSCreatorTotal/qt-build/CreatorLib/CPACSCreatorLibTests/googletest-release-1.8.0/googlemock/gtest/Makefile&quot;  VERBOSE=1 clean"/>
				</MakeCommands>
			</Target>
			<Target title="gtest_main/fast">
				<Option output="/users/disk9/cfse/Stage_Malo/CPACSCreatorTotal/qt-build/lib/libgtest_main.a" prefix_auto="0" extension_auto="0"/>
				<Option working_dir="/users/disk9/cfse/Stage_Malo/CPACSCreatorTotal/qt-build/CreatorLib/CPACSCreatorLibTests/googletest-release-1.8.0/googlemock/gtest"/>
				<Option object_output="./"/>
				<Option type="2"/>
				<Option compiler="gcc"/>
				<Compiler>
					<Add directory="/home/cfse/Stage_Malo/CPACSCreatorTotal/CreatorLib/CPACSCreatorLibTests/googletest-release-1.8.0/googletest/include"/>
					<Add directory="/home/cfse/Stage_Malo/CPACSCreatorTotal/CreatorLib/CPACSCreatorLibTests/googletest-release-1.8.0/googletest"/>
					<Add directory="/usr/lib/gcc/x86_64-redhat-linux/4.8.5/../../../../include/c++/4.8.5"/>
					<Add directory="/usr/lib/gcc/x86_64-redhat-linux/4.8.5/../../../../include/c++/4.8.5/x86_64-redhat-linux"/>
					<Add directory="/usr/lib/gcc/x86_64-redhat-linux/4.8.5/../../../../include/c++/4.8.5/backward"/>
					<Add directory="/usr/lib/gcc/x86_64-redhat-linux/4.8.5/include"/>
					<Add directory="/usr/local/include"/>
					<Add directory="/usr/include"/>
				</Compiler>
				<MakeCommands>
					<Build command="/usr/bin/gmake -j4 -f &quot;/users/disk9/cfse/Stage_Malo/CPACSCreatorTotal/qt-build/CreatorLib/CPACSCreatorLibTests/googletest-release-1.8.0/googlemock/gtest/Makefile&quot;  VERBOSE=1 gtest_main/fast"/>
					<CompileFile command="/usr/bin/gmake -j4 -f &quot;/users/disk9/cfse/Stage_Malo/CPACSCreatorTotal/qt-build/CreatorLib/CPACSCreatorLibTests/googletest-release-1.8.0/googlemock/gtest/Makefile&quot;  VERBOSE=1 &quot;$file&quot;"/>
					<Clean command="/usr/bin/gmake -j4 -f &quot;/users/disk9/cfse/Stage_Malo/CPACSCreatorTotal/qt-build/CreatorLib/CPACSCreatorLibTests/googletest-release-1.8.0/googlemock/gtest/Makefile&quot;  VERBOSE=1 clean"/>
					<DistClean command="/usr/bin/gmake -j4 -f &quot;/users/disk9/cfse/Stage_Malo/CPACSCreatorTotal/qt-build/CreatorLib/CPACSCreatorLibTests/googletest-release-1.8.0/googlemock/gtest/Makefile&quot;  VERBOSE=1 clean"/>
				</MakeCommands>
			</Target>
			<Target title="gtest">
				<Option output="/users/disk9/cfse/Stage_Malo/CPACSCreatorTotal/qt-build/lib/libgtest.a" prefix_auto="0" extension_auto="0"/>
				<Option working_dir="/users/disk9/cfse/Stage_Malo/CPACSCreatorTotal/qt-build/CreatorLib/CPACSCreatorLibTests/googletest-release-1.8.0/googlemock/gtest"/>
				<Option object_output="./"/>
				<Option type="2"/>
				<Option compiler="gcc"/>
				<Compiler>
					<Add directory="/home/cfse/Stage_Malo/CPACSCreatorTotal/CreatorLib/CPACSCreatorLibTests/googletest-release-1.8.0/googletest/include"/>
					<Add directory="/home/cfse/Stage_Malo/CPACSCreatorTotal/CreatorLib/CPACSCreatorLibTests/googletest-release-1.8.0/googletest"/>
					<Add directory="/usr/lib/gcc/x86_64-redhat-linux/4.8.5/../../../../include/c++/4.8.5"/>
					<Add directory="/usr/lib/gcc/x86_64-redhat-linux/4.8.5/../../../../include/c++/4.8.5/x86_64-redhat-linux"/>
					<Add directory="/usr/lib/gcc/x86_64-redhat-linux/4.8.5/../../../../include/c++/4.8.5/backward"/>
					<Add directory="/usr/lib/gcc/x86_64-redhat-linux/4.8.5/include"/>
					<Add directory="/usr/local/include"/>
					<Add directory="/usr/include"/>
				</Compiler>
				<MakeCommands>
					<Build command="/usr/bin/gmake -j4 -f &quot;/users/disk9/cfse/Stage_Malo/CPACSCreatorTotal/qt-build/CreatorLib/CPACSCreatorLibTests/googletest-release-1.8.0/googlemock/gtest/Makefile&quot;  VERBOSE=1 gtest"/>
					<CompileFile command="/usr/bin/gmake -j4 -f &quot;/users/disk9/cfse/Stage_Malo/CPACSCreatorTotal/qt-build/CreatorLib/CPACSCreatorLibTests/googletest-release-1.8.0/googlemock/gtest/Makefile&quot;  VERBOSE=1 &quot;$file&quot;"/>
					<Clean command="/usr/bin/gmake -j4 -f &quot;/users/disk9/cfse/Stage_Malo/CPACSCreatorTotal/qt-build/CreatorLib/CPACSCreatorLibTests/googletest-release-1.8.0/googlemock/gtest/Makefile&quot;  VERBOSE=1 clean"/>
					<DistClean command="/usr/bin/gmake -j4 -f &quot;/users/disk9/cfse/Stage_Malo/CPACSCreatorTotal/qt-build/CreatorLib/CPACSCreatorLibTests/googletest-release-1.8.0/googlemock/gtest/Makefile&quot;  VERBOSE=1 clean"/>
				</MakeCommands>
			</Target>
			<Target title="gtest/fast">
				<Option output="/users/disk9/cfse/Stage_Malo/CPACSCreatorTotal/qt-build/lib/libgtest.a" prefix_auto="0" extension_auto="0"/>
				<Option working_dir="/users/disk9/cfse/Stage_Malo/CPACSCreatorTotal/qt-build/CreatorLib/CPACSCreatorLibTests/googletest-release-1.8.0/googlemock/gtest"/>
				<Option object_output="./"/>
				<Option type="2"/>
				<Option compiler="gcc"/>
				<Compiler>
					<Add directory="/home/cfse/Stage_Malo/CPACSCreatorTotal/CreatorLib/CPACSCreatorLibTests/googletest-release-1.8.0/googletest/include"/>
					<Add directory="/home/cfse/Stage_Malo/CPACSCreatorTotal/CreatorLib/CPACSCreatorLibTests/googletest-release-1.8.0/googletest"/>
					<Add directory="/usr/lib/gcc/x86_64-redhat-linux/4.8.5/../../../../include/c++/4.8.5"/>
					<Add directory="/usr/lib/gcc/x86_64-redhat-linux/4.8.5/../../../../include/c++/4.8.5/x86_64-redhat-linux"/>
					<Add directory="/usr/lib/gcc/x86_64-redhat-linux/4.8.5/../../../../include/c++/4.8.5/backward"/>
					<Add directory="/usr/lib/gcc/x86_64-redhat-linux/4.8.5/include"/>
					<Add directory="/usr/local/include"/>
					<Add directory="/usr/include"/>
				</Compiler>
				<MakeCommands>
					<Build command="/usr/bin/gmake -j4 -f &quot;/users/disk9/cfse/Stage_Malo/CPACSCreatorTotal/qt-build/CreatorLib/CPACSCreatorLibTests/googletest-release-1.8.0/googlemock/gtest/Makefile&quot;  VERBOSE=1 gtest/fast"/>
					<CompileFile command="/usr/bin/gmake -j4 -f &quot;/users/disk9/cfse/Stage_Malo/CPACSCreatorTotal/qt-build/CreatorLib/CPACSCreatorLibTests/googletest-release-1.8.0/googlemock/gtest/Makefile&quot;  VERBOSE=1 &quot;$file&quot;"/>
					<Clean command="/usr/bin/gmake -j4 -f &quot;/users/disk9/cfse/Stage_Malo/CPACSCreatorTotal/qt-build/CreatorLib/CPACSCreatorLibTests/googletest-release-1.8.0/googlemock/gtest/Makefile&quot;  VERBOSE=1 clean"/>
					<DistClean command="/usr/bin/gmake -j4 -f &quot;/users/disk9/cfse/Stage_Malo/CPACSCreatorTotal/qt-build/CreatorLib/CPACSCreatorLibTests/googletest-release-1.8.0/googlemock/gtest/Makefile&quot;  VERBOSE=1 clean"/>
				</MakeCommands>
			</Target>
		</Build>
		<Unit filename="/home/cfse/Stage_Malo/CPACSCreatorTotal/CreatorLib/CPACSCreatorLibTests/googletest-release-1.8.0/googlemock/src/gmock-all.cc">
			<Option target="gmock_main"/>
			<Option target="gmock"/>
		</Unit>
		<Unit filename="/home/cfse/Stage_Malo/CPACSCreatorTotal/CreatorLib/CPACSCreatorLibTests/googletest-release-1.8.0/googlemock/src/gmock_main.cc">
			<Option target="gmock_main"/>
		</Unit>
		<Unit filename="/home/cfse/Stage_Malo/CPACSCreatorTotal/CreatorLib/CPACSCreatorLibTests/googletest-release-1.8.0/googletest/src/gtest-all.cc">
			<Option target="gmock_main"/>
			<Option target="gmock"/>
			<Option target="gtest"/>
		</Unit>
		<Unit filename="/home/cfse/Stage_Malo/CPACSCreatorTotal/CreatorLib/CPACSCreatorLibTests/googletest-release-1.8.0/googletest/src/gtest_main.cc">
			<Option target="gtest_main"/>
		</Unit>
		<Unit filename="/home/cfse/Stage_Malo/CPACSCreatorTotal/CMakeLists.txt">
			<Option virtualFolder="CMake Files\"/>
		</Unit>
		<Unit filename="/home/cfse/Stage_Malo/CPACSCreatorTotal/CreatorLib/CMakeLists.txt">
			<Option virtualFolder="CMake Files\CreatorLib\"/>
		</Unit>
		<Unit filename="/home/cfse/Stage_Malo/CPACSCreatorTotal/CreatorLib/CMakeLists.txt">
			<Option virtualFolder="CMake Files\CreatorLib\"/>
		</Unit>
		<Unit filename="/home/cfse/Stage_Malo/CPACSCreatorTotal/CreatorLib/CPACSCreatorLib/CMakeLists.txt">
			<Option virtualFolder="CMake Files\CreatorLib\CPACSCreatorLib\"/>
		</Unit>
		<Unit filename="/home/cfse/Stage_Malo/CPACSCreatorTotal/CreatorLib/CPACSCreatorLib/CMakeLists.txt">
			<Option virtualFolder="CMake Files\CreatorLib\CPACSCreatorLib\"/>
		</Unit>
		<Unit filename="/home/cfse/Stage_Malo/CPACSCreatorTotal/CreatorLib/CPACSCreatorLib/CMakeLists.txt">
			<Option virtualFolder="CMake Files\CreatorLib\CPACSCreatorLib\"/>
		</Unit>
		<Unit filename="/home/cfse/Stage_Malo/CPACSCreatorTotal/CreatorLib/CPACSCreatorLibTests/CMakeLists.txt">
			<Option virtualFolder="CMake Files\CreatorLib\CPACSCreatorLibTests\"/>
		</Unit>
		<Unit filename="/home/cfse/Stage_Malo/CPACSCreatorTotal/CreatorLib/CPACSCreatorLibTests/CMakeLists.txt">
			<Option virtualFolder="CMake Files\CreatorLib\CPACSCreatorLibTests\"/>
		</Unit>
		<Unit filename="/home/cfse/Stage_Malo/CPACSCreatorTotal/CreatorLib/CPACSCreatorLibTests/CMakeLists.txt">
			<Option virtualFolder="CMake Files\CreatorLib\CPACSCreatorLibTests\"/>
		</Unit>
		<Unit filename="/home/cfse/Stage_Malo/CPACSCreatorTotal/CreatorLib/CPACSCreatorLibTests/CreatorTests/CMakeLists.txt">
			<Option virtualFolder="CMake Files\CreatorLib\CPACSCreatorLibTests\CreatorTests\"/>
		</Unit>
		<Unit filename="/home/cfse/Stage_Malo/CPACSCreatorTotal/CreatorLib/CPACSCreatorLibTests/CreatorTests/CMakeLists.txt">
			<Option virtualFolder="CMake Files\CreatorLib\CPACSCreatorLibTests\CreatorTests\"/>
		</Unit>
		<Unit filename="/home/cfse/Stage_Malo/CPACSCreatorTotal/CreatorLib/CPACSCreatorLibTests/CreatorTests/CMakeLists.txt">
			<Option virtualFolder="CMake Files\CreatorLib\CPACSCreatorLibTests\CreatorTests\"/>
		</Unit>
		<Unit filename="/home/cfse/Stage_Malo/CPACSCreatorTotal/CreatorLib/CPACSCreatorLibTests/googletest-release-1.8.0/CMakeLists.txt">
			<Option virtualFolder="CMake Files\CreatorLib\CPACSCreatorLibTests\googletest-release-1.8.0\"/>
		</Unit>
		<Unit filename="/home/cfse/Stage_Malo/CPACSCreatorTotal/CreatorLib/CPACSCreatorLibTests/googletest-release-1.8.0/CMakeLists.txt">
			<Option virtualFolder="CMake Files\CreatorLib\CPACSCreatorLibTests\googletest-release-1.8.0\"/>
		</Unit>
		<Unit filename="/home/cfse/Stage_Malo/CPACSCreatorTotal/CreatorLib/CPACSCreatorLibTests/googletest-release-1.8.0/CMakeLists.txt">
			<Option virtualFolder="CMake Files\CreatorLib\CPACSCreatorLibTests\googletest-release-1.8.0\"/>
		</Unit>
		<Unit filename="/home/cfse/Stage_Malo/CPACSCreatorTotal/CreatorLib/CPACSCreatorLibTests/googletest-release-1.8.0/CMakeLists.txt">
			<Option virtualFolder="CMake Files\CreatorLib\CPACSCreatorLibTests\googletest-release-1.8.0\"/>
		</Unit>
		<Unit filename="/home/cfse/Stage_Malo/CPACSCreatorTotal/CreatorLib/CPACSCreatorLibTests/googletest-release-1.8.0/googlemock/CMakeLists.txt">
			<Option virtualFolder="CMake Files\CreatorLib\CPACSCreatorLibTests\googletest-release-1.8.0\googlemock\"/>
		</Unit>
		<Unit filename="/home/cfse/Stage_Malo/CPACSCreatorTotal/CreatorLib/CPACSCreatorLibTests/googletest-release-1.8.0/googlemock/CMakeLists.txt">
			<Option virtualFolder="CMake Files\CreatorLib\CPACSCreatorLibTests\googletest-release-1.8.0\googlemock\"/>
		</Unit>
		<Unit filename="/home/cfse/Stage_Malo/CPACSCreatorTotal/CreatorLib/CPACSCreatorLibTests/googletest-release-1.8.0/googlemock/CMakeLists.txt">
			<Option virtualFolder="CMake Files\CreatorLib\CPACSCreatorLibTests\googletest-release-1.8.0\googlemock\"/>
		</Unit>
		<Unit filename="/home/cfse/Stage_Malo/CPACSCreatorTotal/CreatorLib/CPACSCreatorLibTests/googletest-release-1.8.0/googlemock/CMakeLists.txt">
			<Option virtualFolder="CMake Files\CreatorLib\CPACSCreatorLibTests\googletest-release-1.8.0\googlemock\"/>
		</Unit>
		<Unit filename="/home/cfse/Stage_Malo/CPACSCreatorTotal/CreatorLib/CPACSCreatorLibTests/googletest-release-1.8.0/googlemock/CMakeLists.txt">
			<Option virtualFolder="CMake Files\CreatorLib\CPACSCreatorLibTests\googletest-release-1.8.0\googlemock\"/>
		</Unit>
		<Unit filename="/home/cfse/Stage_Malo/CPACSCreatorTotal/CreatorLib/CPACSCreatorLibTests/googletest-release-1.8.0/googletest/CMakeLists.txt">
			<Option virtualFolder="CMake Files\CreatorLib\CPACSCreatorLibTests\googletest-release-1.8.0\googletest\"/>
		</Unit>
		<Unit filename="/home/cfse/Stage_Malo/CPACSCreatorTotal/CreatorLib/CPACSCreatorLibTests/googletest-release-1.8.0/googletest/CMakeLists.txt">
			<Option virtualFolder="CMake Files\CreatorLib\CPACSCreatorLibTests\googletest-release-1.8.0\googletest\"/>
		</Unit>
		<Unit filename="/home/cfse/Stage_Malo/CPACSCreatorTotal/CreatorLib/CPACSCreatorLibTests/googletest-release-1.8.0/googletest/CMakeLists.txt">
			<Option virtualFolder="CMake Files\CreatorLib\CPACSCreatorLibTests\googletest-release-1.8.0\googletest\"/>
		</Unit>
		<Unit filename="/home/cfse/Stage_Malo/CPACSCreatorTotal/CreatorLib/CPACSCreatorLibTests/googletest-release-1.8.0/googletest/CMakeLists.txt">
			<Option virtualFolder="CMake Files\CreatorLib\CPACSCreatorLibTests\googletest-release-1.8.0\googletest\"/>
		</Unit>
		<Unit filename="/home/cfse/Stage_Malo/CPACSCreatorTotal/CreatorLib/CPACSCreatorLibTests/googletest-release-1.8.0/googletest/CMakeLists.txt">
			<Option virtualFolder="CMake Files\CreatorLib\CPACSCreatorLibTests\googletest-release-1.8.0\googletest\"/>
		</Unit>
		<Unit filename="/home/cfse/Stage_Malo/CPACSCreatorTotal/CreatorLib/CPACSCreatorLibTests/googletest-release-1.8.0/googletest/CMakeLists.txt">
			<Option virtualFolder="CMake Files\CreatorLib\CPACSCreatorLibTests\googletest-release-1.8.0\googletest\"/>
		</Unit>
		<Unit filename="/home/cfse/Stage_Malo/CPACSCreatorTotal/CreatorLib/CPACSCreatorLibTests/googletest-release-1.8.0/googletest/cmake/internal_utils.cmake">
			<Option virtualFolder="CMake Files\CreatorLib\CPACSCreatorLibTests\googletest-release-1.8.0\googletest\cmake\"/>
		</Unit>
		<Unit filename="/home/cfse/Stage_Malo/CPACSCreatorTotal/CreatorLib/CPACSCreatorLibTests/googletest-release-1.8.0/googletest/cmake/internal_utils.cmake">
			<Option virtualFolder="CMake Files\CreatorLib\CPACSCreatorLibTests\googletest-release-1.8.0\googletest\cmake\"/>
		</Unit>
		<Unit filename="/home/cfse/Stage_Malo/CPACSCreatorTotal/CreatorLib/CPACSCreatorLibTests/googletest-release-1.8.0/googletest/cmake/internal_utils.cmake">
			<Option virtualFolder="CMake Files\CreatorLib\CPACSCreatorLibTests\googletest-release-1.8.0\googletest\cmake\"/>
		</Unit>
		<Unit filename="/home/cfse/Stage_Malo/CPACSCreatorTotal/CreatorLib/CPACSCreatorLibTests/googletest-release-1.8.0/googletest/cmake/internal_utils.cmake">
			<Option virtualFolder="CMake Files\CreatorLib\CPACSCreatorLibTests\googletest-release-1.8.0\googletest\cmake\"/>
		</Unit>
		<Unit filename="/home/cfse/Stage_Malo/CPACSCreatorTotal/CreatorLib/CPACSCreatorLibTests/googletest-release-1.8.0/googletest/cmake/internal_utils.cmake">
			<Option virtualFolder="CMake Files\CreatorLib\CPACSCreatorLibTests\googletest-release-1.8.0\googletest\cmake\"/>
		</Unit>
		<Unit filename="/home/cfse/Stage_Malo/CPACSCreatorTotal/CreatorLib/CPACSCreatorLibTests/googletest-release-1.8.0/googletest/cmake/internal_utils.cmake">
			<Option virtualFolder="CMake Files\CreatorLib\CPACSCreatorLibTests\googletest-release-1.8.0\googletest\cmake\"/>
		</Unit>
		<Unit filename="/home/cfse/Stage_Malo/CPACSCreatorTotal/../../../../usr/lib64/oce-0.17/OCEConfigVersion.cmake">
			<Option virtualFolder="CMake Files\..\..\..\..\usr\lib64\oce-0.17\"/>
		</Unit>
		<Unit filename="/home/cfse/Stage_Malo/CPACSCreatorTotal/../../../../usr/lib64/oce-0.17/OCEConfig.cmake">
			<Option virtualFolder="CMake Files\..\..\..\..\usr\lib64\oce-0.17\"/>
		</Unit>
		<Unit filename="/home/cfse/Stage_Malo/CPACSCreatorTotal/../../../../usr/lib64/oce-0.17/OCE-libraries.cmake">
			<Option virtualFolder="CMake Files\..\..\..\..\usr\lib64\oce-0.17\"/>
		</Unit>
		<Unit filename="/home/cfse/Stage_Malo/CPACSCreatorTotal/../../../../usr/lib64/oce-0.17/OCE-libraries-relwithdebinfo.cmake">
			<Option virtualFolder="CMake Files\..\..\..\..\usr\lib64\oce-0.17\"/>
		</Unit>
		<Unit filename="/home/cfse/Stage_Malo/CPACSCreatorTotal/../../../../usr/lib64/oce-0.17/OCEConfigVersion.cmake">
			<Option virtualFolder="CMake Files\..\..\..\..\usr\lib64\oce-0.17\"/>
		</Unit>
		<Unit filename="/home/cfse/Stage_Malo/CPACSCreatorTotal/../../../../usr/lib64/oce-0.17/OCEConfig.cmake">
			<Option virtualFolder="CMake Files\..\..\..\..\usr\lib64\oce-0.17\"/>
		</Unit>
		<Unit filename="/home/cfse/Stage_Malo/CPACSCreatorTotal/../../../../usr/lib64/oce-0.17/OCE-libraries.cmake">
			<Option virtualFolder="CMake Files\..\..\..\..\usr\lib64\oce-0.17\"/>
		</Unit>
		<Unit filename="/home/cfse/Stage_Malo/CPACSCreatorTotal/../../../../usr/lib64/cmake/Qt5Widgets/Qt5WidgetsConfigVersion.cmake">
			<Option virtualFolder="CMake Files\..\..\..\..\usr\lib64\cmake\Qt5Widgets\"/>
		</Unit>
		<Unit filename="/home/cfse/Stage_Malo/CPACSCreatorTotal/../../../../usr/lib64/cmake/Qt5Widgets/Qt5WidgetsConfig.cmake">
			<Option virtualFolder="CMake Files\..\..\..\..\usr\lib64\cmake\Qt5Widgets\"/>
		</Unit>
		<Unit filename="/home/cfse/Stage_Malo/CPACSCreatorTotal/../../../../usr/lib64/cmake/Qt5Widgets/Qt5WidgetsConfigExtras.cmake">
			<Option virtualFolder="CMake Files\..\..\..\..\usr\lib64\cmake\Qt5Widgets\"/>
		</Unit>
		<Unit filename="/home/cfse/Stage_Malo/CPACSCreatorTotal/../../../../usr/lib64/cmake/Qt5Widgets/Qt5WidgetsMacros.cmake">
			<Option virtualFolder="CMake Files\..\..\..\..\usr\lib64\cmake\Qt5Widgets\"/>
		</Unit>
		<Unit filename="/home/cfse/Stage_Malo/CPACSCreatorTotal/../../../../usr/lib64/cmake/Qt5Gui/Qt5GuiConfigVersion.cmake">
			<Option virtualFolder="CMake Files\..\..\..\..\usr\lib64\cmake\Qt5Gui\"/>
		</Unit>
		<Unit filename="/home/cfse/Stage_Malo/CPACSCreatorTotal/../../../../usr/lib64/cmake/Qt5Gui/Qt5GuiConfig.cmake">
			<Option virtualFolder="CMake Files\..\..\..\..\usr\lib64\cmake\Qt5Gui\"/>
		</Unit>
		<Unit filename="/home/cfse/Stage_Malo/CPACSCreatorTotal/../../../../usr/lib64/cmake/Qt5Gui/Qt5Gui_QComposePlatformInputContextPlugin.cmake">
			<Option virtualFolder="CMake Files\..\..\..\..\usr\lib64\cmake\Qt5Gui\"/>
		</Unit>
		<Unit filename="/home/cfse/Stage_Malo/CPACSCreatorTotal/../../../../usr/lib64/cmake/Qt5Gui/Qt5Gui_QEglFSEmulatorIntegrationPlugin.cmake">
			<Option virtualFolder="CMake Files\..\..\..\..\usr\lib64\cmake\Qt5Gui\"/>
		</Unit>
		<Unit filename="/home/cfse/Stage_Malo/CPACSCreatorTotal/../../../../usr/lib64/cmake/Qt5Gui/Qt5Gui_QEglFSIntegrationPlugin.cmake">
			<Option virtualFolder="CMake Files\..\..\..\..\usr\lib64\cmake\Qt5Gui\"/>
		</Unit>
		<Unit filename="/home/cfse/Stage_Malo/CPACSCreatorTotal/../../../../usr/lib64/cmake/Qt5Gui/Qt5Gui_QEglFSKmsEglDeviceIntegrationPlugin.cmake">
			<Option virtualFolder="CMake Files\..\..\..\..\usr\lib64\cmake\Qt5Gui\"/>
		</Unit>
		<Unit filename="/home/cfse/Stage_Malo/CPACSCreatorTotal/../../../../usr/lib64/cmake/Qt5Gui/Qt5Gui_QEglFSKmsGbmIntegrationPlugin.cmake">
			<Option virtualFolder="CMake Files\..\..\..\..\usr\lib64\cmake\Qt5Gui\"/>
		</Unit>
		<Unit filename="/home/cfse/Stage_Malo/CPACSCreatorTotal/../../../../usr/lib64/cmake/Qt5Gui/Qt5Gui_QEglFSX11IntegrationPlugin.cmake">
			<Option virtualFolder="CMake Files\..\..\..\..\usr\lib64\cmake\Qt5Gui\"/>
		</Unit>
		<Unit filename="/home/cfse/Stage_Malo/CPACSCreatorTotal/../../../../usr/lib64/cmake/Qt5Gui/Qt5Gui_QEvdevKeyboardPlugin.cmake">
			<Option virtualFolder="CMake Files\..\..\..\..\usr\lib64\cmake\Qt5Gui\"/>
		</Unit>
		<Unit filename="/home/cfse/Stage_Malo/CPACSCreatorTotal/../../../../usr/lib64/cmake/Qt5Gui/Qt5Gui_QEvdevMousePlugin.cmake">
			<Option virtualFolder="CMake Files\..\..\..\..\usr\lib64\cmake\Qt5Gui\"/>
		</Unit>
		<Unit filename="/home/cfse/Stage_Malo/CPACSCreatorTotal/../../../../usr/lib64/cmake/Qt5Gui/Qt5Gui_QEvdevTabletPlugin.cmake">
			<Option virtualFolder="CMake Files\..\..\..\..\usr\lib64\cmake\Qt5Gui\"/>
		</Unit>
		<Unit filename="/home/cfse/Stage_Malo/CPACSCreatorTotal/../../../../usr/lib64/cmake/Qt5Gui/Qt5Gui_QEvdevTouchScreenPlugin.cmake">
			<Option virtualFolder="CMake Files\..\..\..\..\usr\lib64\cmake\Qt5Gui\"/>
		</Unit>
		<Unit filename="/home/cfse/Stage_Malo/CPACSCreatorTotal/../../../../usr/lib64/cmake/Qt5Gui/Qt5Gui_QGifPlugin.cmake">
			<Option virtualFolder="CMake Files\..\..\..\..\usr\lib64\cmake\Qt5Gui\"/>
		</Unit>
		<Unit filename="/home/cfse/Stage_Malo/CPACSCreatorTotal/../../../../usr/lib64/cmake/Qt5Gui/Qt5Gui_QGtk3ThemePlugin.cmake">
			<Option virtualFolder="CMake Files\..\..\..\..\usr\lib64\cmake\Qt5Gui\"/>
		</Unit>
		<Unit filename="/home/cfse/Stage_Malo/CPACSCreatorTotal/../../../../usr/lib64/cmake/Qt5Gui/Qt5Gui_QICOPlugin.cmake">
			<Option virtualFolder="CMake Files\..\..\..\..\usr\lib64\cmake\Qt5Gui\"/>
		</Unit>
		<Unit filename="/home/cfse/Stage_Malo/CPACSCreatorTotal/../../../../usr/lib64/cmake/Qt5Gui/Qt5Gui_QIbusPlatformInputContextPlugin.cmake">
			<Option virtualFolder="CMake Files\..\..\..\..\usr\lib64\cmake\Qt5Gui\"/>
		</Unit>
		<Unit filename="/home/cfse/Stage_Malo/CPACSCreatorTotal/../../../../usr/lib64/cmake/Qt5Gui/Qt5Gui_QJpegPlugin.cmake">
			<Option virtualFolder="CMake Files\..\..\..\..\usr\lib64\cmake\Qt5Gui\"/>
		</Unit>
		<Unit filename="/home/cfse/Stage_Malo/CPACSCreatorTotal/../../../../usr/lib64/cmake/Qt5Gui/Qt5Gui_QLinuxFbIntegrationPlugin.cmake">
			<Option virtualFolder="CMake Files\..\..\..\..\usr\lib64\cmake\Qt5Gui\"/>
		</Unit>
		<Unit filename="/home/cfse/Stage_Malo/CPACSCreatorTotal/../../../../usr/lib64/cmake/Qt5Gui/Qt5Gui_QMinimalEglIntegrationPlugin.cmake">
			<Option virtualFolder="CMake Files\..\..\..\..\usr\lib64\cmake\Qt5Gui\"/>
		</Unit>
		<Unit filename="/home/cfse/Stage_Malo/CPACSCreatorTotal/../../../../usr/lib64/cmake/Qt5Gui/Qt5Gui_QMinimalIntegrationPlugin.cmake">
			<Option virtualFolder="CMake Files\..\..\..\..\usr\lib64\cmake\Qt5Gui\"/>
		</Unit>
		<Unit filename="/home/cfse/Stage_Malo/CPACSCreatorTotal/../../../../usr/lib64/cmake/Qt5Gui/Qt5Gui_QOffscreenIntegrationPlugin.cmake">
			<Option virtualFolder="CMake Files\..\..\..\..\usr\lib64\cmake\Qt5Gui\"/>
		</Unit>
		<Unit filename="/home/cfse/Stage_Malo/CPACSCreatorTotal/../../../../usr/lib64/cmake/Qt5Gui/Qt5Gui_QTuioTouchPlugin.cmake">
			<Option virtualFolder="CMake Files\..\..\..\..\usr\lib64\cmake\Qt5Gui\"/>
		</Unit>
		<Unit filename="/home/cfse/Stage_Malo/CPACSCreatorTotal/../../../../usr/lib64/cmake/Qt5Gui/Qt5Gui_QVncIntegrationPlugin.cmake">
			<Option virtualFolder="CMake Files\..\..\..\..\usr\lib64\cmake\Qt5Gui\"/>
		</Unit>
		<Unit filename="/home/cfse/Stage_Malo/CPACSCreatorTotal/../../../../usr/lib64/cmake/Qt5Gui/Qt5Gui_QXcbEglIntegrationPlugin.cmake">
			<Option virtualFolder="CMake Files\..\..\..\..\usr\lib64\cmake\Qt5Gui\"/>
		</Unit>
		<Unit filename="/home/cfse/Stage_Malo/CPACSCreatorTotal/../../../../usr/lib64/cmake/Qt5Gui/Qt5Gui_QXcbGlxIntegrationPlugin.cmake">
			<Option virtualFolder="CMake Files\..\..\..\..\usr\lib64\cmake\Qt5Gui\"/>
		</Unit>
		<Unit filename="/home/cfse/Stage_Malo/CPACSCreatorTotal/../../../../usr/lib64/cmake/Qt5Gui/Qt5Gui_QXcbIntegrationPlugin.cmake">
			<Option virtualFolder="CMake Files\..\..\..\..\usr\lib64\cmake\Qt5Gui\"/>
		</Unit>
		<Unit filename="/home/cfse/Stage_Malo/CPACSCreatorTotal/../../../../usr/lib64/cmake/Qt5Gui/Qt5GuiConfigExtras.cmake">
			<Option virtualFolder="CMake Files\..\..\..\..\usr\lib64\cmake\Qt5Gui\"/>
		</Unit>
		<Unit filename="/home/cfse/Stage_Malo/CPACSCreatorTotal/../../../../usr/lib64/cmake/Qt5Core/Qt5CoreConfigVersion.cmake">
			<Option virtualFolder="CMake Files\..\..\..\..\usr\lib64\cmake\Qt5Core\"/>
		</Unit>
		<Unit filename="/home/cfse/Stage_Malo/CPACSCreatorTotal/../../../../usr/lib64/cmake/Qt5Core/Qt5CoreConfig.cmake">
			<Option virtualFolder="CMake Files\..\..\..\..\usr\lib64\cmake\Qt5Core\"/>
		</Unit>
		<Unit filename="/home/cfse/Stage_Malo/CPACSCreatorTotal/../../../../usr/lib64/cmake/Qt5Core/Qt5CoreConfigExtras.cmake">
			<Option virtualFolder="CMake Files\..\..\..\..\usr\lib64\cmake\Qt5Core\"/>
		</Unit>
		<Unit filename="/home/cfse/Stage_Malo/CPACSCreatorTotal/../../../../usr/lib64/cmake/Qt5Core/Qt5CoreConfigExtrasMkspecDir.cmake">
			<Option virtualFolder="CMake Files\..\..\..\..\usr\lib64\cmake\Qt5Core\"/>
		</Unit>
		<Unit filename="/home/cfse/Stage_Malo/CPACSCreatorTotal/../../../../usr/lib64/cmake/Qt5Core/Qt5CoreMacros.cmake">
			<Option virtualFolder="CMake Files\..\..\..\..\usr\lib64\cmake\Qt5Core\"/>
		</Unit>
		<Unit filename="/home/cfse/Stage_Malo/CPACSCreatorTotal/../../../../usr/lib64/cmake/Qt5Script/Qt5ScriptConfigVersion.cmake">
			<Option virtualFolder="CMake Files\..\..\..\..\usr\lib64\cmake\Qt5Script\"/>
		</Unit>
		<Unit filename="/home/cfse/Stage_Malo/CPACSCreatorTotal/../../../../usr/lib64/cmake/Qt5Script/Qt5ScriptConfig.cmake">
			<Option virtualFolder="CMake Files\..\..\..\..\usr\lib64\cmake\Qt5Script\"/>
		</Unit>
		<Unit filename="/home/cfse/Stage_Malo/CPACSCreatorTotal/../../../../usr/lib/tixi3/tixi-config-version.cmake">
			<Option virtualFolder="CMake Files\..\..\..\..\usr\lib\tixi3\"/>
		</Unit>
		<Unit filename="/home/cfse/Stage_Malo/CPACSCreatorTotal/../../../../usr/lib/tixi3/tixi-config.cmake">
			<Option virtualFolder="CMake Files\..\..\..\..\usr\lib\tixi3\"/>
		</Unit>
		<Unit filename="/home/cfse/Stage_Malo/CPACSCreatorTotal/../../../../usr/lib/tixi3/tixi-targets.cmake">
			<Option virtualFolder="CMake Files\..\..\..\..\usr\lib\tixi3\"/>
		</Unit>
		<Unit filename="/home/cfse/Stage_Malo/CPACSCreatorTotal/../../../../usr/lib/tixi3/tixi-targets-release.cmake">
			<Option virtualFolder="CMake Files\..\..\..\..\usr\lib\tixi3\"/>
		</Unit>
		<Unit filename="/home/cfse/Stage_Malo/CPACSCreatorTotal/src/tigl_config.h.in">
			<Option virtualFolder="CMake Files\src\"/>
		</Unit>
		<Unit filename="/home/cfse/Stage_Malo/CPACSCreatorTotal/src/CMakeLists.txt">
			<Option virtualFolder="CMake Files\src\"/>
		</Unit>
		<Unit filename="/home/cfse/Stage_Malo/CPACSCreatorTotal/src/api/tigl_version.h.in">
			<Option virtualFolder="CMake Files\src\api\"/>
		</Unit>
		<Unit filename="/home/cfse/Stage_Malo/CPACSCreatorTotal/cmake/createDoc.cmake">
			<Option virtualFolder="CMake Files\cmake\"/>
		</Unit>
		<Unit filename="/home/cfse/Stage_Malo/CPACSCreatorTotal/cmake/tiglmacros.cmake">
			<Option virtualFolder="CMake Files\cmake\"/>
		</Unit>
		<Unit filename="/home/cfse/Stage_Malo/CPACSCreatorTotal/cmake/CMakePackageConfigHelpers.cmake">
			<Option virtualFolder="CMake Files\cmake\"/>
		</Unit>
		<Unit filename="/home/cfse/Stage_Malo/CPACSCreatorTotal/cmake/tigl-config.cmake.in">
			<Option virtualFolder="CMake Files\cmake\"/>
		</Unit>
		<Unit filename="/home/cfse/Stage_Malo/CPACSCreatorTotal/cmake/SearchQt.cmake">
			<Option virtualFolder="CMake Files\cmake\"/>
		</Unit>
		<Unit filename="/home/cfse/Stage_Malo/CPACSCreatorTotal/cmake/tiglmacros.cmake">
			<Option virtualFolder="CMake Files\cmake\"/>
		</Unit>
		<Unit filename="/home/cfse/Stage_Malo/CPACSCreatorTotal/doc/Doxyfile.in">
			<Option virtualFolder="CMake Files\doc\"/>
		</Unit>
		<Unit filename="/home/cfse/Stage_Malo/CPACSCreatorTotal/doc/footer.html">
			<Option virtualFolder="CMake Files\doc\"/>
		</Unit>
		<Unit filename="/home/cfse/Stage_Malo/CPACSCreatorTotal/TIGLViewer/CMakeLists.txt">
			<Option virtualFolder="CMake Files\TIGLViewer\"/>
		</Unit>
		<Unit filename="/home/cfse/Stage_Malo/CPACSCreatorTotal/TIGLViewer/src/TIGLViewer.qrc">
			<Option virtualFolder="CMake Files\TIGLViewer\src\"/>
		</Unit>
		<Unit filename="/home/cfse/Stage_Malo/CPACSCreatorTotal/TIGLViewer/styles/qdarkstyle/style.qrc">
			<Option virtualFolder="CMake Files\TIGLViewer\styles\qdarkstyle\"/>
		</Unit>
		<Unit filename="/home/cfse/Stage_Malo/CPACSCreatorTotal/bindings/CMakeLists.txt">
			<Option virtualFolder="CMake Files\bindings\"/>
		</Unit>
		<Unit filename="/home/cfse/Stage_Malo/CPACSCreatorTotal/bindings/python/CMakeLists.txt">
			<Option virtualFolder="CMake Files\bindings\python\"/>
		</Unit>
		<Unit filename="/home/cfse/Stage_Malo/CPACSCreatorTotal/bindings/matlab/CMakeLists.txt">
			<Option virtualFolder="CMake Files\bindings\matlab\"/>
		</Unit>
		<Unit filename="/home/cfse/Stage_Malo/CPACSCreatorTotal/bindings/java/CMakeLists.txt">
			<Option virtualFolder="CMake Files\bindings\java\"/>
		</Unit>
		<Unit filename="/home/cfse/Stage_Malo/CPACSCreatorTotal/bindings/python_internal/CMakeLists.txt">
			<Option virtualFolder="CMake Files\bindings\python_internal\"/>
		</Unit>
		<Unit filename="/home/cfse/Stage_Malo/CPACSCreatorTotal/examples/CMakeLists.txt">
			<Option virtualFolder="CMake Files\examples\"/>
		</Unit>
		<Unit filename="/home/cfse/Stage_Malo/CPACSCreatorTotal/examples/c_demo/CMakeLists.txt">
			<Option virtualFolder="CMake Files\examples\c_demo\"/>
		</Unit>
		<Unit filename="/home/cfse/Stage_Malo/CPACSCreatorTotal/examples/matlab_demo/CMakeLists.txt">
			<Option virtualFolder="CMake Files\examples\matlab_demo\"/>
		</Unit>
		<Unit filename="/home/cfse/Stage_Malo/CPACSCreatorTotal/examples/python_demo/CMakeLists.txt">
			<Option virtualFolder="CMake Files\examples\python_demo\"/>
		</Unit>
		<Unit filename="/home/cfse/Stage_Malo/CPACSCreatorTotal/examples/java_demo/CMakeLists.txt">
			<Option virtualFolder="CMake Files\examples\java_demo\"/>
		</Unit>
	</Project>
</CodeBlocks_project_file>
