<?xml version="1.0" encoding="UTF-8"?>
<CodeBlocks_project_file>
	<FileVersion major="1" minor="6"/>
	<Project>
		<Option title="gtest"/>
		<Option makefile_is_custom="1"/>
		<Option compiler="gcc"/>
		<Option virtualFolders="CMake Files\;CMake Files\CPACSCreatorLib\;CMake Files\..\;CMake Files\..\clion-2017.3.3\;CMake Files\..\clion-2017.3.3\bin\;CMake Files\..\clion-2017.3.3\bin\cmake\;CMake Files\..\clion-2017.3.3\bin\cmake\share\;CMake Files\..\clion-2017.3.3\bin\cmake\share\cmake-3.9\;CMake Files\..\clion-2017.3.3\bin\cmake\share\cmake-3.9\Modules\;CMake Files\..\clion-2017.3.3\bin\cmake\share\cmake-3.9\Modules\Platform\;CMake Files\..\clion-2017.3.3\bin\cmake\share\cmake-3.9\Modules\Compiler\;CMake Files\CPACSCreatorLibTests\;CMake Files\CPACSCreatorLibTests\CreatorTests\;CMake Files\CPACSCreatorLibTests\googletest-release-1.8.0\;CMake Files\CPACSCreatorLibTests\googletest-release-1.8.0\googlemock\;CMake Files\CPACSCreatorLibTests\googletest-release-1.8.0\googletest\;CMake Files\CPACSCreatorLibTests\googletest-release-1.8.0\googletest\cmake\;"/>
		<Build>
			<Target title="all">
				<Option working_dir="/home/cfse/Stage_Malo/CPACSCreatorLib/CPACSCreatorLibTests/googletest-release-1.8.0/googlemock/gtest"/>
				<Option type="4"/>
				<MakeCommands>
					<Build command="/usr/bin/gmake -j4 -f &quot;/home/cfse/Stage_Malo/CPACSCreatorLib/CPACSCreatorLibTests/googletest-release-1.8.0/googlemock/gtest/Makefile&quot;  VERBOSE=1 all"/>
					<CompileFile command="/usr/bin/gmake -j4 -f &quot;/home/cfse/Stage_Malo/CPACSCreatorLib/CPACSCreatorLibTests/googletest-release-1.8.0/googlemock/gtest/Makefile&quot;  VERBOSE=1 &quot;$file&quot;"/>
					<Clean command="/usr/bin/gmake -j4 -f &quot;/home/cfse/Stage_Malo/CPACSCreatorLib/CPACSCreatorLibTests/googletest-release-1.8.0/googlemock/gtest/Makefile&quot;  VERBOSE=1 clean"/>
					<DistClean command="/usr/bin/gmake -j4 -f &quot;/home/cfse/Stage_Malo/CPACSCreatorLib/CPACSCreatorLibTests/googletest-release-1.8.0/googlemock/gtest/Makefile&quot;  VERBOSE=1 clean"/>
				</MakeCommands>
			</Target>
			<Target title="gtest_main">
				<Option output="/home/cfse/Stage_Malo/CPACSCreatorLib/CPACSCreatorLibTests/googletest-release-1.8.0/googlemock/gtest/libgtest_main.a" prefix_auto="0" extension_auto="0"/>
				<Option working_dir="/home/cfse/Stage_Malo/CPACSCreatorLib/CPACSCreatorLibTests/googletest-release-1.8.0/googlemock/gtest"/>
				<Option object_output="./"/>
				<Option type="2"/>
				<Option compiler="gcc"/>
				<Compiler>
					<Add directory="/home/cfse/Stage_Malo/CPACSCreatorLib/CPACSCreatorLib"/>
					<Add directory="/home/cfse/Stage_Malo/CPACSCreatorLib/CPACSCreatorLibTests/googletest-release-1.8.0/googletest/include"/>
					<Add directory="/home/cfse/Stage_Malo/CPACSCreatorLib/CPACSCreatorLibTests/googletest-release-1.8.0/googletest"/>
					<Add directory="/usr/lib/gcc/x86_64-redhat-linux/4.8.5/../../../../include/c++/4.8.5"/>
					<Add directory="/usr/lib/gcc/x86_64-redhat-linux/4.8.5/../../../../include/c++/4.8.5/x86_64-redhat-linux"/>
					<Add directory="/usr/lib/gcc/x86_64-redhat-linux/4.8.5/../../../../include/c++/4.8.5/backward"/>
					<Add directory="/usr/lib/gcc/x86_64-redhat-linux/4.8.5/include"/>
					<Add directory="/usr/local/include"/>
					<Add directory="/usr/include"/>
				</Compiler>
				<MakeCommands>
					<Build command="/usr/bin/gmake -j4 -f &quot;/home/cfse/Stage_Malo/CPACSCreatorLib/CPACSCreatorLibTests/googletest-release-1.8.0/googlemock/gtest/Makefile&quot;  VERBOSE=1 gtest_main"/>
					<CompileFile command="/usr/bin/gmake -j4 -f &quot;/home/cfse/Stage_Malo/CPACSCreatorLib/CPACSCreatorLibTests/googletest-release-1.8.0/googlemock/gtest/Makefile&quot;  VERBOSE=1 &quot;$file&quot;"/>
					<Clean command="/usr/bin/gmake -j4 -f &quot;/home/cfse/Stage_Malo/CPACSCreatorLib/CPACSCreatorLibTests/googletest-release-1.8.0/googlemock/gtest/Makefile&quot;  VERBOSE=1 clean"/>
					<DistClean command="/usr/bin/gmake -j4 -f &quot;/home/cfse/Stage_Malo/CPACSCreatorLib/CPACSCreatorLibTests/googletest-release-1.8.0/googlemock/gtest/Makefile&quot;  VERBOSE=1 clean"/>
				</MakeCommands>
			</Target>
			<Target title="gtest_main/fast">
				<Option output="/home/cfse/Stage_Malo/CPACSCreatorLib/CPACSCreatorLibTests/googletest-release-1.8.0/googlemock/gtest/libgtest_main.a" prefix_auto="0" extension_auto="0"/>
				<Option working_dir="/home/cfse/Stage_Malo/CPACSCreatorLib/CPACSCreatorLibTests/googletest-release-1.8.0/googlemock/gtest"/>
				<Option object_output="./"/>
				<Option type="2"/>
				<Option compiler="gcc"/>
				<Compiler>
					<Add directory="/home/cfse/Stage_Malo/CPACSCreatorLib/CPACSCreatorLib"/>
					<Add directory="/home/cfse/Stage_Malo/CPACSCreatorLib/CPACSCreatorLibTests/googletest-release-1.8.0/googletest/include"/>
					<Add directory="/home/cfse/Stage_Malo/CPACSCreatorLib/CPACSCreatorLibTests/googletest-release-1.8.0/googletest"/>
					<Add directory="/usr/lib/gcc/x86_64-redhat-linux/4.8.5/../../../../include/c++/4.8.5"/>
					<Add directory="/usr/lib/gcc/x86_64-redhat-linux/4.8.5/../../../../include/c++/4.8.5/x86_64-redhat-linux"/>
					<Add directory="/usr/lib/gcc/x86_64-redhat-linux/4.8.5/../../../../include/c++/4.8.5/backward"/>
					<Add directory="/usr/lib/gcc/x86_64-redhat-linux/4.8.5/include"/>
					<Add directory="/usr/local/include"/>
					<Add directory="/usr/include"/>
				</Compiler>
				<MakeCommands>
					<Build command="/usr/bin/gmake -j4 -f &quot;/home/cfse/Stage_Malo/CPACSCreatorLib/CPACSCreatorLibTests/googletest-release-1.8.0/googlemock/gtest/Makefile&quot;  VERBOSE=1 gtest_main/fast"/>
					<CompileFile command="/usr/bin/gmake -j4 -f &quot;/home/cfse/Stage_Malo/CPACSCreatorLib/CPACSCreatorLibTests/googletest-release-1.8.0/googlemock/gtest/Makefile&quot;  VERBOSE=1 &quot;$file&quot;"/>
					<Clean command="/usr/bin/gmake -j4 -f &quot;/home/cfse/Stage_Malo/CPACSCreatorLib/CPACSCreatorLibTests/googletest-release-1.8.0/googlemock/gtest/Makefile&quot;  VERBOSE=1 clean"/>
					<DistClean command="/usr/bin/gmake -j4 -f &quot;/home/cfse/Stage_Malo/CPACSCreatorLib/CPACSCreatorLibTests/googletest-release-1.8.0/googlemock/gtest/Makefile&quot;  VERBOSE=1 clean"/>
				</MakeCommands>
			</Target>
			<Target title="gtest">
				<Option output="/home/cfse/Stage_Malo/CPACSCreatorLib/CPACSCreatorLibTests/googletest-release-1.8.0/googlemock/gtest/libgtest.a" prefix_auto="0" extension_auto="0"/>
				<Option working_dir="/home/cfse/Stage_Malo/CPACSCreatorLib/CPACSCreatorLibTests/googletest-release-1.8.0/googlemock/gtest"/>
				<Option object_output="./"/>
				<Option type="2"/>
				<Option compiler="gcc"/>
				<Compiler>
					<Add directory="/home/cfse/Stage_Malo/CPACSCreatorLib/CPACSCreatorLib"/>
					<Add directory="/home/cfse/Stage_Malo/CPACSCreatorLib/CPACSCreatorLibTests/googletest-release-1.8.0/googletest/include"/>
					<Add directory="/home/cfse/Stage_Malo/CPACSCreatorLib/CPACSCreatorLibTests/googletest-release-1.8.0/googletest"/>
					<Add directory="/usr/lib/gcc/x86_64-redhat-linux/4.8.5/../../../../include/c++/4.8.5"/>
					<Add directory="/usr/lib/gcc/x86_64-redhat-linux/4.8.5/../../../../include/c++/4.8.5/x86_64-redhat-linux"/>
					<Add directory="/usr/lib/gcc/x86_64-redhat-linux/4.8.5/../../../../include/c++/4.8.5/backward"/>
					<Add directory="/usr/lib/gcc/x86_64-redhat-linux/4.8.5/include"/>
					<Add directory="/usr/local/include"/>
					<Add directory="/usr/include"/>
				</Compiler>
				<MakeCommands>
					<Build command="/usr/bin/gmake -j4 -f &quot;/home/cfse/Stage_Malo/CPACSCreatorLib/CPACSCreatorLibTests/googletest-release-1.8.0/googlemock/gtest/Makefile&quot;  VERBOSE=1 gtest"/>
					<CompileFile command="/usr/bin/gmake -j4 -f &quot;/home/cfse/Stage_Malo/CPACSCreatorLib/CPACSCreatorLibTests/googletest-release-1.8.0/googlemock/gtest/Makefile&quot;  VERBOSE=1 &quot;$file&quot;"/>
					<Clean command="/usr/bin/gmake -j4 -f &quot;/home/cfse/Stage_Malo/CPACSCreatorLib/CPACSCreatorLibTests/googletest-release-1.8.0/googlemock/gtest/Makefile&quot;  VERBOSE=1 clean"/>
					<DistClean command="/usr/bin/gmake -j4 -f &quot;/home/cfse/Stage_Malo/CPACSCreatorLib/CPACSCreatorLibTests/googletest-release-1.8.0/googlemock/gtest/Makefile&quot;  VERBOSE=1 clean"/>
				</MakeCommands>
			</Target>
			<Target title="gtest/fast">
				<Option output="/home/cfse/Stage_Malo/CPACSCreatorLib/CPACSCreatorLibTests/googletest-release-1.8.0/googlemock/gtest/libgtest.a" prefix_auto="0" extension_auto="0"/>
				<Option working_dir="/home/cfse/Stage_Malo/CPACSCreatorLib/CPACSCreatorLibTests/googletest-release-1.8.0/googlemock/gtest"/>
				<Option object_output="./"/>
				<Option type="2"/>
				<Option compiler="gcc"/>
				<Compiler>
					<Add directory="/home/cfse/Stage_Malo/CPACSCreatorLib/CPACSCreatorLib"/>
					<Add directory="/home/cfse/Stage_Malo/CPACSCreatorLib/CPACSCreatorLibTests/googletest-release-1.8.0/googletest/include"/>
					<Add directory="/home/cfse/Stage_Malo/CPACSCreatorLib/CPACSCreatorLibTests/googletest-release-1.8.0/googletest"/>
					<Add directory="/usr/lib/gcc/x86_64-redhat-linux/4.8.5/../../../../include/c++/4.8.5"/>
					<Add directory="/usr/lib/gcc/x86_64-redhat-linux/4.8.5/../../../../include/c++/4.8.5/x86_64-redhat-linux"/>
					<Add directory="/usr/lib/gcc/x86_64-redhat-linux/4.8.5/../../../../include/c++/4.8.5/backward"/>
					<Add directory="/usr/lib/gcc/x86_64-redhat-linux/4.8.5/include"/>
					<Add directory="/usr/local/include"/>
					<Add directory="/usr/include"/>
				</Compiler>
				<MakeCommands>
					<Build command="/usr/bin/gmake -j4 -f &quot;/home/cfse/Stage_Malo/CPACSCreatorLib/CPACSCreatorLibTests/googletest-release-1.8.0/googlemock/gtest/Makefile&quot;  VERBOSE=1 gtest/fast"/>
					<CompileFile command="/usr/bin/gmake -j4 -f &quot;/home/cfse/Stage_Malo/CPACSCreatorLib/CPACSCreatorLibTests/googletest-release-1.8.0/googlemock/gtest/Makefile&quot;  VERBOSE=1 &quot;$file&quot;"/>
					<Clean command="/usr/bin/gmake -j4 -f &quot;/home/cfse/Stage_Malo/CPACSCreatorLib/CPACSCreatorLibTests/googletest-release-1.8.0/googlemock/gtest/Makefile&quot;  VERBOSE=1 clean"/>
					<DistClean command="/usr/bin/gmake -j4 -f &quot;/home/cfse/Stage_Malo/CPACSCreatorLib/CPACSCreatorLibTests/googletest-release-1.8.0/googlemock/gtest/Makefile&quot;  VERBOSE=1 clean"/>
				</MakeCommands>
			</Target>
		</Build>
		<Unit filename="/home/cfse/Stage_Malo/CPACSCreatorLib/CPACSCreatorLibTests/googletest-release-1.8.0/googletest/src/gtest-all.cc">
			<Option target="gtest"/>
		</Unit>
		<Unit filename="/home/cfse/Stage_Malo/CPACSCreatorLib/CPACSCreatorLibTests/googletest-release-1.8.0/googletest/src/gtest_main.cc">
			<Option target="gtest_main"/>
		</Unit>
		<Unit filename="/home/cfse/Stage_Malo/CPACSCreatorLib/CMakeLists.txt">
			<Option virtualFolder="CMake Files\"/>
		</Unit>
		<Unit filename="/home/cfse/Stage_Malo/CPACSCreatorLib/CPACSCreatorLib/CMakeLists.txt">
			<Option virtualFolder="CMake Files\CPACSCreatorLib\"/>
		</Unit>
		<Unit filename="/home/cfse/Stage_Malo/CPACSCreatorLib/CPACSCreatorLib/CMakeLists.txt">
			<Option virtualFolder="CMake Files\CPACSCreatorLib\"/>
		</Unit>
		<Unit filename="/home/cfse/Stage_Malo/CPACSCreatorLib/../clion-2017.3.3/bin/cmake/share/cmake-3.9/Modules/CMakeSystemSpecificInitialize.cmake">
			<Option virtualFolder="CMake Files\..\clion-2017.3.3\bin\cmake\share\cmake-3.9\Modules\"/>
		</Unit>
		<Unit filename="/home/cfse/Stage_Malo/CPACSCreatorLib/../clion-2017.3.3/bin/cmake/share/cmake-3.9/Modules/CMakeSystemSpecificInformation.cmake">
			<Option virtualFolder="CMake Files\..\clion-2017.3.3\bin\cmake\share\cmake-3.9\Modules\"/>
		</Unit>
		<Unit filename="/home/cfse/Stage_Malo/CPACSCreatorLib/../clion-2017.3.3/bin/cmake/share/cmake-3.9/Modules/CMakeGenericSystem.cmake">
			<Option virtualFolder="CMake Files\..\clion-2017.3.3\bin\cmake\share\cmake-3.9\Modules\"/>
		</Unit>
		<Unit filename="/home/cfse/Stage_Malo/CPACSCreatorLib/../clion-2017.3.3/bin/cmake/share/cmake-3.9/Modules/CMakeFindCodeBlocks.cmake">
			<Option virtualFolder="CMake Files\..\clion-2017.3.3\bin\cmake\share\cmake-3.9\Modules\"/>
		</Unit>
		<Unit filename="/home/cfse/Stage_Malo/CPACSCreatorLib/../clion-2017.3.3/bin/cmake/share/cmake-3.9/Modules/CMakeExtraGeneratorDetermineCompilerMacrosAndIncludeDirs.cmake">
			<Option virtualFolder="CMake Files\..\clion-2017.3.3\bin\cmake\share\cmake-3.9\Modules\"/>
		</Unit>
		<Unit filename="/home/cfse/Stage_Malo/CPACSCreatorLib/../clion-2017.3.3/bin/cmake/share/cmake-3.9/Modules/ProcessorCount.cmake">
			<Option virtualFolder="CMake Files\..\clion-2017.3.3\bin\cmake\share\cmake-3.9\Modules\"/>
		</Unit>
		<Unit filename="/home/cfse/Stage_Malo/CPACSCreatorLib/../clion-2017.3.3/bin/cmake/share/cmake-3.9/Modules/CMakeCInformation.cmake">
			<Option virtualFolder="CMake Files\..\clion-2017.3.3\bin\cmake\share\cmake-3.9\Modules\"/>
		</Unit>
		<Unit filename="/home/cfse/Stage_Malo/CPACSCreatorLib/../clion-2017.3.3/bin/cmake/share/cmake-3.9/Modules/CMakeLanguageInformation.cmake">
			<Option virtualFolder="CMake Files\..\clion-2017.3.3\bin\cmake\share\cmake-3.9\Modules\"/>
		</Unit>
		<Unit filename="/home/cfse/Stage_Malo/CPACSCreatorLib/../clion-2017.3.3/bin/cmake/share/cmake-3.9/Modules/CMakeCommonLanguageInclude.cmake">
			<Option virtualFolder="CMake Files\..\clion-2017.3.3\bin\cmake\share\cmake-3.9\Modules\"/>
		</Unit>
		<Unit filename="/home/cfse/Stage_Malo/CPACSCreatorLib/../clion-2017.3.3/bin/cmake/share/cmake-3.9/Modules/CMakeCXXInformation.cmake">
			<Option virtualFolder="CMake Files\..\clion-2017.3.3\bin\cmake\share\cmake-3.9\Modules\"/>
		</Unit>
		<Unit filename="/home/cfse/Stage_Malo/CPACSCreatorLib/../clion-2017.3.3/bin/cmake/share/cmake-3.9/Modules/CMakeLanguageInformation.cmake">
			<Option virtualFolder="CMake Files\..\clion-2017.3.3\bin\cmake\share\cmake-3.9\Modules\"/>
		</Unit>
		<Unit filename="/home/cfse/Stage_Malo/CPACSCreatorLib/../clion-2017.3.3/bin/cmake/share/cmake-3.9/Modules/CMakeCommonLanguageInclude.cmake">
			<Option virtualFolder="CMake Files\..\clion-2017.3.3\bin\cmake\share\cmake-3.9\Modules\"/>
		</Unit>
		<Unit filename="/home/cfse/Stage_Malo/CPACSCreatorLib/../clion-2017.3.3/bin/cmake/share/cmake-3.9/Modules/FindThreads.cmake">
			<Option virtualFolder="CMake Files\..\clion-2017.3.3\bin\cmake\share\cmake-3.9\Modules\"/>
		</Unit>
		<Unit filename="/home/cfse/Stage_Malo/CPACSCreatorLib/../clion-2017.3.3/bin/cmake/share/cmake-3.9/Modules/CheckLibraryExists.cmake">
			<Option virtualFolder="CMake Files\..\clion-2017.3.3\bin\cmake\share\cmake-3.9\Modules\"/>
		</Unit>
		<Unit filename="/home/cfse/Stage_Malo/CPACSCreatorLib/../clion-2017.3.3/bin/cmake/share/cmake-3.9/Modules/CheckSymbolExists.cmake">
			<Option virtualFolder="CMake Files\..\clion-2017.3.3\bin\cmake\share\cmake-3.9\Modules\"/>
		</Unit>
		<Unit filename="/home/cfse/Stage_Malo/CPACSCreatorLib/../clion-2017.3.3/bin/cmake/share/cmake-3.9/Modules/CheckIncludeFile.cmake">
			<Option virtualFolder="CMake Files\..\clion-2017.3.3\bin\cmake\share\cmake-3.9\Modules\"/>
		</Unit>
		<Unit filename="/home/cfse/Stage_Malo/CPACSCreatorLib/../clion-2017.3.3/bin/cmake/share/cmake-3.9/Modules/FindPackageHandleStandardArgs.cmake">
			<Option virtualFolder="CMake Files\..\clion-2017.3.3\bin\cmake\share\cmake-3.9\Modules\"/>
		</Unit>
		<Unit filename="/home/cfse/Stage_Malo/CPACSCreatorLib/../clion-2017.3.3/bin/cmake/share/cmake-3.9/Modules/FindPackageMessage.cmake">
			<Option virtualFolder="CMake Files\..\clion-2017.3.3\bin\cmake\share\cmake-3.9\Modules\"/>
		</Unit>
		<Unit filename="/home/cfse/Stage_Malo/CPACSCreatorLib/../clion-2017.3.3/bin/cmake/share/cmake-3.9/Modules/FindPythonInterp.cmake">
			<Option virtualFolder="CMake Files\..\clion-2017.3.3\bin\cmake\share\cmake-3.9\Modules\"/>
		</Unit>
		<Unit filename="/home/cfse/Stage_Malo/CPACSCreatorLib/../clion-2017.3.3/bin/cmake/share/cmake-3.9/Modules/FindPackageHandleStandardArgs.cmake">
			<Option virtualFolder="CMake Files\..\clion-2017.3.3\bin\cmake\share\cmake-3.9\Modules\"/>
		</Unit>
		<Unit filename="/home/cfse/Stage_Malo/CPACSCreatorLib/../clion-2017.3.3/bin/cmake/share/cmake-3.9/Modules/FindPackageMessage.cmake">
			<Option virtualFolder="CMake Files\..\clion-2017.3.3\bin\cmake\share\cmake-3.9\Modules\"/>
		</Unit>
		<Unit filename="/home/cfse/Stage_Malo/CPACSCreatorLib/../clion-2017.3.3/bin/cmake/share/cmake-3.9/Modules/FindThreads.cmake">
			<Option virtualFolder="CMake Files\..\clion-2017.3.3\bin\cmake\share\cmake-3.9\Modules\"/>
		</Unit>
		<Unit filename="/home/cfse/Stage_Malo/CPACSCreatorLib/../clion-2017.3.3/bin/cmake/share/cmake-3.9/Modules/CheckLibraryExists.cmake">
			<Option virtualFolder="CMake Files\..\clion-2017.3.3\bin\cmake\share\cmake-3.9\Modules\"/>
		</Unit>
		<Unit filename="/home/cfse/Stage_Malo/CPACSCreatorLib/../clion-2017.3.3/bin/cmake/share/cmake-3.9/Modules/CheckSymbolExists.cmake">
			<Option virtualFolder="CMake Files\..\clion-2017.3.3\bin\cmake\share\cmake-3.9\Modules\"/>
		</Unit>
		<Unit filename="/home/cfse/Stage_Malo/CPACSCreatorLib/../clion-2017.3.3/bin/cmake/share/cmake-3.9/Modules/CheckIncludeFile.cmake">
			<Option virtualFolder="CMake Files\..\clion-2017.3.3\bin\cmake\share\cmake-3.9\Modules\"/>
		</Unit>
		<Unit filename="/home/cfse/Stage_Malo/CPACSCreatorLib/../clion-2017.3.3/bin/cmake/share/cmake-3.9/Modules/FindPackageHandleStandardArgs.cmake">
			<Option virtualFolder="CMake Files\..\clion-2017.3.3\bin\cmake\share\cmake-3.9\Modules\"/>
		</Unit>
		<Unit filename="/home/cfse/Stage_Malo/CPACSCreatorLib/../clion-2017.3.3/bin/cmake/share/cmake-3.9/Modules/FindPackageMessage.cmake">
			<Option virtualFolder="CMake Files\..\clion-2017.3.3\bin\cmake\share\cmake-3.9\Modules\"/>
		</Unit>
		<Unit filename="/home/cfse/Stage_Malo/CPACSCreatorLib/../clion-2017.3.3/bin/cmake/share/cmake-3.9/Modules/FindThreads.cmake">
			<Option virtualFolder="CMake Files\..\clion-2017.3.3\bin\cmake\share\cmake-3.9\Modules\"/>
		</Unit>
		<Unit filename="/home/cfse/Stage_Malo/CPACSCreatorLib/../clion-2017.3.3/bin/cmake/share/cmake-3.9/Modules/CheckLibraryExists.cmake">
			<Option virtualFolder="CMake Files\..\clion-2017.3.3\bin\cmake\share\cmake-3.9\Modules\"/>
		</Unit>
		<Unit filename="/home/cfse/Stage_Malo/CPACSCreatorLib/../clion-2017.3.3/bin/cmake/share/cmake-3.9/Modules/CheckSymbolExists.cmake">
			<Option virtualFolder="CMake Files\..\clion-2017.3.3\bin\cmake\share\cmake-3.9\Modules\"/>
		</Unit>
		<Unit filename="/home/cfse/Stage_Malo/CPACSCreatorLib/../clion-2017.3.3/bin/cmake/share/cmake-3.9/Modules/CheckIncludeFile.cmake">
			<Option virtualFolder="CMake Files\..\clion-2017.3.3\bin\cmake\share\cmake-3.9\Modules\"/>
		</Unit>
		<Unit filename="/home/cfse/Stage_Malo/CPACSCreatorLib/../clion-2017.3.3/bin/cmake/share/cmake-3.9/Modules/FindPackageHandleStandardArgs.cmake">
			<Option virtualFolder="CMake Files\..\clion-2017.3.3\bin\cmake\share\cmake-3.9\Modules\"/>
		</Unit>
		<Unit filename="/home/cfse/Stage_Malo/CPACSCreatorLib/../clion-2017.3.3/bin/cmake/share/cmake-3.9/Modules/FindPackageMessage.cmake">
			<Option virtualFolder="CMake Files\..\clion-2017.3.3\bin\cmake\share\cmake-3.9\Modules\"/>
		</Unit>
		<Unit filename="/home/cfse/Stage_Malo/CPACSCreatorLib/../clion-2017.3.3/bin/cmake/share/cmake-3.9/Modules/FindPythonInterp.cmake">
			<Option virtualFolder="CMake Files\..\clion-2017.3.3\bin\cmake\share\cmake-3.9\Modules\"/>
		</Unit>
		<Unit filename="/home/cfse/Stage_Malo/CPACSCreatorLib/../clion-2017.3.3/bin/cmake/share/cmake-3.9/Modules/FindPackageHandleStandardArgs.cmake">
			<Option virtualFolder="CMake Files\..\clion-2017.3.3\bin\cmake\share\cmake-3.9\Modules\"/>
		</Unit>
		<Unit filename="/home/cfse/Stage_Malo/CPACSCreatorLib/../clion-2017.3.3/bin/cmake/share/cmake-3.9/Modules/FindPackageMessage.cmake">
			<Option virtualFolder="CMake Files\..\clion-2017.3.3\bin\cmake\share\cmake-3.9\Modules\"/>
		</Unit>
		<Unit filename="/home/cfse/Stage_Malo/CPACSCreatorLib/../clion-2017.3.3/bin/cmake/share/cmake-3.9/Modules/FindThreads.cmake">
			<Option virtualFolder="CMake Files\..\clion-2017.3.3\bin\cmake\share\cmake-3.9\Modules\"/>
		</Unit>
		<Unit filename="/home/cfse/Stage_Malo/CPACSCreatorLib/../clion-2017.3.3/bin/cmake/share/cmake-3.9/Modules/CheckLibraryExists.cmake">
			<Option virtualFolder="CMake Files\..\clion-2017.3.3\bin\cmake\share\cmake-3.9\Modules\"/>
		</Unit>
		<Unit filename="/home/cfse/Stage_Malo/CPACSCreatorLib/../clion-2017.3.3/bin/cmake/share/cmake-3.9/Modules/CheckSymbolExists.cmake">
			<Option virtualFolder="CMake Files\..\clion-2017.3.3\bin\cmake\share\cmake-3.9\Modules\"/>
		</Unit>
		<Unit filename="/home/cfse/Stage_Malo/CPACSCreatorLib/../clion-2017.3.3/bin/cmake/share/cmake-3.9/Modules/CheckIncludeFile.cmake">
			<Option virtualFolder="CMake Files\..\clion-2017.3.3\bin\cmake\share\cmake-3.9\Modules\"/>
		</Unit>
		<Unit filename="/home/cfse/Stage_Malo/CPACSCreatorLib/../clion-2017.3.3/bin/cmake/share/cmake-3.9/Modules/FindPackageHandleStandardArgs.cmake">
			<Option virtualFolder="CMake Files\..\clion-2017.3.3\bin\cmake\share\cmake-3.9\Modules\"/>
		</Unit>
		<Unit filename="/home/cfse/Stage_Malo/CPACSCreatorLib/../clion-2017.3.3/bin/cmake/share/cmake-3.9/Modules/FindPackageMessage.cmake">
			<Option virtualFolder="CMake Files\..\clion-2017.3.3\bin\cmake\share\cmake-3.9\Modules\"/>
		</Unit>
		<Unit filename="/home/cfse/Stage_Malo/CPACSCreatorLib/../clion-2017.3.3/bin/cmake/share/cmake-3.9/Modules/FindThreads.cmake">
			<Option virtualFolder="CMake Files\..\clion-2017.3.3\bin\cmake\share\cmake-3.9\Modules\"/>
		</Unit>
		<Unit filename="/home/cfse/Stage_Malo/CPACSCreatorLib/../clion-2017.3.3/bin/cmake/share/cmake-3.9/Modules/CheckLibraryExists.cmake">
			<Option virtualFolder="CMake Files\..\clion-2017.3.3\bin\cmake\share\cmake-3.9\Modules\"/>
		</Unit>
		<Unit filename="/home/cfse/Stage_Malo/CPACSCreatorLib/../clion-2017.3.3/bin/cmake/share/cmake-3.9/Modules/CheckSymbolExists.cmake">
			<Option virtualFolder="CMake Files\..\clion-2017.3.3\bin\cmake\share\cmake-3.9\Modules\"/>
		</Unit>
		<Unit filename="/home/cfse/Stage_Malo/CPACSCreatorLib/../clion-2017.3.3/bin/cmake/share/cmake-3.9/Modules/CheckIncludeFile.cmake">
			<Option virtualFolder="CMake Files\..\clion-2017.3.3\bin\cmake\share\cmake-3.9\Modules\"/>
		</Unit>
		<Unit filename="/home/cfse/Stage_Malo/CPACSCreatorLib/../clion-2017.3.3/bin/cmake/share/cmake-3.9/Modules/FindPackageHandleStandardArgs.cmake">
			<Option virtualFolder="CMake Files\..\clion-2017.3.3\bin\cmake\share\cmake-3.9\Modules\"/>
		</Unit>
		<Unit filename="/home/cfse/Stage_Malo/CPACSCreatorLib/../clion-2017.3.3/bin/cmake/share/cmake-3.9/Modules/FindPackageMessage.cmake">
			<Option virtualFolder="CMake Files\..\clion-2017.3.3\bin\cmake\share\cmake-3.9\Modules\"/>
		</Unit>
		<Unit filename="/home/cfse/Stage_Malo/CPACSCreatorLib/../clion-2017.3.3/bin/cmake/share/cmake-3.9/Modules/FindPythonInterp.cmake">
			<Option virtualFolder="CMake Files\..\clion-2017.3.3\bin\cmake\share\cmake-3.9\Modules\"/>
		</Unit>
		<Unit filename="/home/cfse/Stage_Malo/CPACSCreatorLib/../clion-2017.3.3/bin/cmake/share/cmake-3.9/Modules/FindPackageHandleStandardArgs.cmake">
			<Option virtualFolder="CMake Files\..\clion-2017.3.3\bin\cmake\share\cmake-3.9\Modules\"/>
		</Unit>
		<Unit filename="/home/cfse/Stage_Malo/CPACSCreatorLib/../clion-2017.3.3/bin/cmake/share/cmake-3.9/Modules/FindPackageMessage.cmake">
			<Option virtualFolder="CMake Files\..\clion-2017.3.3\bin\cmake\share\cmake-3.9\Modules\"/>
		</Unit>
		<Unit filename="/home/cfse/Stage_Malo/CPACSCreatorLib/../clion-2017.3.3/bin/cmake/share/cmake-3.9/Modules/FindThreads.cmake">
			<Option virtualFolder="CMake Files\..\clion-2017.3.3\bin\cmake\share\cmake-3.9\Modules\"/>
		</Unit>
		<Unit filename="/home/cfse/Stage_Malo/CPACSCreatorLib/../clion-2017.3.3/bin/cmake/share/cmake-3.9/Modules/CheckLibraryExists.cmake">
			<Option virtualFolder="CMake Files\..\clion-2017.3.3\bin\cmake\share\cmake-3.9\Modules\"/>
		</Unit>
		<Unit filename="/home/cfse/Stage_Malo/CPACSCreatorLib/../clion-2017.3.3/bin/cmake/share/cmake-3.9/Modules/CheckSymbolExists.cmake">
			<Option virtualFolder="CMake Files\..\clion-2017.3.3\bin\cmake\share\cmake-3.9\Modules\"/>
		</Unit>
		<Unit filename="/home/cfse/Stage_Malo/CPACSCreatorLib/../clion-2017.3.3/bin/cmake/share/cmake-3.9/Modules/CheckIncludeFile.cmake">
			<Option virtualFolder="CMake Files\..\clion-2017.3.3\bin\cmake\share\cmake-3.9\Modules\"/>
		</Unit>
		<Unit filename="/home/cfse/Stage_Malo/CPACSCreatorLib/../clion-2017.3.3/bin/cmake/share/cmake-3.9/Modules/FindPackageHandleStandardArgs.cmake">
			<Option virtualFolder="CMake Files\..\clion-2017.3.3\bin\cmake\share\cmake-3.9\Modules\"/>
		</Unit>
		<Unit filename="/home/cfse/Stage_Malo/CPACSCreatorLib/../clion-2017.3.3/bin/cmake/share/cmake-3.9/Modules/FindPackageMessage.cmake">
			<Option virtualFolder="CMake Files\..\clion-2017.3.3\bin\cmake\share\cmake-3.9\Modules\"/>
		</Unit>
		<Unit filename="/home/cfse/Stage_Malo/CPACSCreatorLib/../clion-2017.3.3/bin/cmake/share/cmake-3.9/Modules/FindThreads.cmake">
			<Option virtualFolder="CMake Files\..\clion-2017.3.3\bin\cmake\share\cmake-3.9\Modules\"/>
		</Unit>
		<Unit filename="/home/cfse/Stage_Malo/CPACSCreatorLib/../clion-2017.3.3/bin/cmake/share/cmake-3.9/Modules/CheckLibraryExists.cmake">
			<Option virtualFolder="CMake Files\..\clion-2017.3.3\bin\cmake\share\cmake-3.9\Modules\"/>
		</Unit>
		<Unit filename="/home/cfse/Stage_Malo/CPACSCreatorLib/../clion-2017.3.3/bin/cmake/share/cmake-3.9/Modules/CheckSymbolExists.cmake">
			<Option virtualFolder="CMake Files\..\clion-2017.3.3\bin\cmake\share\cmake-3.9\Modules\"/>
		</Unit>
		<Unit filename="/home/cfse/Stage_Malo/CPACSCreatorLib/../clion-2017.3.3/bin/cmake/share/cmake-3.9/Modules/CheckIncludeFile.cmake">
			<Option virtualFolder="CMake Files\..\clion-2017.3.3\bin\cmake\share\cmake-3.9\Modules\"/>
		</Unit>
		<Unit filename="/home/cfse/Stage_Malo/CPACSCreatorLib/../clion-2017.3.3/bin/cmake/share/cmake-3.9/Modules/FindPackageHandleStandardArgs.cmake">
			<Option virtualFolder="CMake Files\..\clion-2017.3.3\bin\cmake\share\cmake-3.9\Modules\"/>
		</Unit>
		<Unit filename="/home/cfse/Stage_Malo/CPACSCreatorLib/../clion-2017.3.3/bin/cmake/share/cmake-3.9/Modules/FindPackageMessage.cmake">
			<Option virtualFolder="CMake Files\..\clion-2017.3.3\bin\cmake\share\cmake-3.9\Modules\"/>
		</Unit>
		<Unit filename="/home/cfse/Stage_Malo/CPACSCreatorLib/../clion-2017.3.3/bin/cmake/share/cmake-3.9/Modules/FindPythonInterp.cmake">
			<Option virtualFolder="CMake Files\..\clion-2017.3.3\bin\cmake\share\cmake-3.9\Modules\"/>
		</Unit>
		<Unit filename="/home/cfse/Stage_Malo/CPACSCreatorLib/../clion-2017.3.3/bin/cmake/share/cmake-3.9/Modules/FindPackageHandleStandardArgs.cmake">
			<Option virtualFolder="CMake Files\..\clion-2017.3.3\bin\cmake\share\cmake-3.9\Modules\"/>
		</Unit>
		<Unit filename="/home/cfse/Stage_Malo/CPACSCreatorLib/../clion-2017.3.3/bin/cmake/share/cmake-3.9/Modules/FindPackageMessage.cmake">
			<Option virtualFolder="CMake Files\..\clion-2017.3.3\bin\cmake\share\cmake-3.9\Modules\"/>
		</Unit>
		<Unit filename="/home/cfse/Stage_Malo/CPACSCreatorLib/../clion-2017.3.3/bin/cmake/share/cmake-3.9/Modules/FindThreads.cmake">
			<Option virtualFolder="CMake Files\..\clion-2017.3.3\bin\cmake\share\cmake-3.9\Modules\"/>
		</Unit>
		<Unit filename="/home/cfse/Stage_Malo/CPACSCreatorLib/../clion-2017.3.3/bin/cmake/share/cmake-3.9/Modules/CheckLibraryExists.cmake">
			<Option virtualFolder="CMake Files\..\clion-2017.3.3\bin\cmake\share\cmake-3.9\Modules\"/>
		</Unit>
		<Unit filename="/home/cfse/Stage_Malo/CPACSCreatorLib/../clion-2017.3.3/bin/cmake/share/cmake-3.9/Modules/CheckSymbolExists.cmake">
			<Option virtualFolder="CMake Files\..\clion-2017.3.3\bin\cmake\share\cmake-3.9\Modules\"/>
		</Unit>
		<Unit filename="/home/cfse/Stage_Malo/CPACSCreatorLib/../clion-2017.3.3/bin/cmake/share/cmake-3.9/Modules/CheckIncludeFile.cmake">
			<Option virtualFolder="CMake Files\..\clion-2017.3.3\bin\cmake\share\cmake-3.9\Modules\"/>
		</Unit>
		<Unit filename="/home/cfse/Stage_Malo/CPACSCreatorLib/../clion-2017.3.3/bin/cmake/share/cmake-3.9/Modules/FindPackageHandleStandardArgs.cmake">
			<Option virtualFolder="CMake Files\..\clion-2017.3.3\bin\cmake\share\cmake-3.9\Modules\"/>
		</Unit>
		<Unit filename="/home/cfse/Stage_Malo/CPACSCreatorLib/../clion-2017.3.3/bin/cmake/share/cmake-3.9/Modules/FindPackageMessage.cmake">
			<Option virtualFolder="CMake Files\..\clion-2017.3.3\bin\cmake\share\cmake-3.9\Modules\"/>
		</Unit>
		<Unit filename="/home/cfse/Stage_Malo/CPACSCreatorLib/../clion-2017.3.3/bin/cmake/share/cmake-3.9/Modules/FindPythonInterp.cmake">
			<Option virtualFolder="CMake Files\..\clion-2017.3.3\bin\cmake\share\cmake-3.9\Modules\"/>
		</Unit>
		<Unit filename="/home/cfse/Stage_Malo/CPACSCreatorLib/../clion-2017.3.3/bin/cmake/share/cmake-3.9/Modules/FindPackageHandleStandardArgs.cmake">
			<Option virtualFolder="CMake Files\..\clion-2017.3.3\bin\cmake\share\cmake-3.9\Modules\"/>
		</Unit>
		<Unit filename="/home/cfse/Stage_Malo/CPACSCreatorLib/../clion-2017.3.3/bin/cmake/share/cmake-3.9/Modules/FindPackageMessage.cmake">
			<Option virtualFolder="CMake Files\..\clion-2017.3.3\bin\cmake\share\cmake-3.9\Modules\"/>
		</Unit>
		<Unit filename="/home/cfse/Stage_Malo/CPACSCreatorLib/../clion-2017.3.3/bin/cmake/share/cmake-3.9/Modules/FindThreads.cmake">
			<Option virtualFolder="CMake Files\..\clion-2017.3.3\bin\cmake\share\cmake-3.9\Modules\"/>
		</Unit>
		<Unit filename="/home/cfse/Stage_Malo/CPACSCreatorLib/../clion-2017.3.3/bin/cmake/share/cmake-3.9/Modules/CheckLibraryExists.cmake">
			<Option virtualFolder="CMake Files\..\clion-2017.3.3\bin\cmake\share\cmake-3.9\Modules\"/>
		</Unit>
		<Unit filename="/home/cfse/Stage_Malo/CPACSCreatorLib/../clion-2017.3.3/bin/cmake/share/cmake-3.9/Modules/CheckSymbolExists.cmake">
			<Option virtualFolder="CMake Files\..\clion-2017.3.3\bin\cmake\share\cmake-3.9\Modules\"/>
		</Unit>
		<Unit filename="/home/cfse/Stage_Malo/CPACSCreatorLib/../clion-2017.3.3/bin/cmake/share/cmake-3.9/Modules/CheckIncludeFile.cmake">
			<Option virtualFolder="CMake Files\..\clion-2017.3.3\bin\cmake\share\cmake-3.9\Modules\"/>
		</Unit>
		<Unit filename="/home/cfse/Stage_Malo/CPACSCreatorLib/../clion-2017.3.3/bin/cmake/share/cmake-3.9/Modules/FindPackageHandleStandardArgs.cmake">
			<Option virtualFolder="CMake Files\..\clion-2017.3.3\bin\cmake\share\cmake-3.9\Modules\"/>
		</Unit>
		<Unit filename="/home/cfse/Stage_Malo/CPACSCreatorLib/../clion-2017.3.3/bin/cmake/share/cmake-3.9/Modules/FindPackageMessage.cmake">
			<Option virtualFolder="CMake Files\..\clion-2017.3.3\bin\cmake\share\cmake-3.9\Modules\"/>
		</Unit>
		<Unit filename="/home/cfse/Stage_Malo/CPACSCreatorLib/../clion-2017.3.3/bin/cmake/share/cmake-3.9/Modules/Platform/Linux.cmake">
			<Option virtualFolder="CMake Files\..\clion-2017.3.3\bin\cmake\share\cmake-3.9\Modules\Platform\"/>
		</Unit>
		<Unit filename="/home/cfse/Stage_Malo/CPACSCreatorLib/../clion-2017.3.3/bin/cmake/share/cmake-3.9/Modules/Platform/UnixPaths.cmake">
			<Option virtualFolder="CMake Files\..\clion-2017.3.3\bin\cmake\share\cmake-3.9\Modules\Platform\"/>
		</Unit>
		<Unit filename="/home/cfse/Stage_Malo/CPACSCreatorLib/../clion-2017.3.3/bin/cmake/share/cmake-3.9/Modules/Platform/Linux-GNU-C.cmake">
			<Option virtualFolder="CMake Files\..\clion-2017.3.3\bin\cmake\share\cmake-3.9\Modules\Platform\"/>
		</Unit>
		<Unit filename="/home/cfse/Stage_Malo/CPACSCreatorLib/../clion-2017.3.3/bin/cmake/share/cmake-3.9/Modules/Platform/Linux-GNU.cmake">
			<Option virtualFolder="CMake Files\..\clion-2017.3.3\bin\cmake\share\cmake-3.9\Modules\Platform\"/>
		</Unit>
		<Unit filename="/home/cfse/Stage_Malo/CPACSCreatorLib/../clion-2017.3.3/bin/cmake/share/cmake-3.9/Modules/Platform/Linux-GNU-CXX.cmake">
			<Option virtualFolder="CMake Files\..\clion-2017.3.3\bin\cmake\share\cmake-3.9\Modules\Platform\"/>
		</Unit>
		<Unit filename="/home/cfse/Stage_Malo/CPACSCreatorLib/../clion-2017.3.3/bin/cmake/share/cmake-3.9/Modules/Platform/Linux-GNU.cmake">
			<Option virtualFolder="CMake Files\..\clion-2017.3.3\bin\cmake\share\cmake-3.9\Modules\Platform\"/>
		</Unit>
		<Unit filename="/home/cfse/Stage_Malo/CPACSCreatorLib/../clion-2017.3.3/bin/cmake/share/cmake-3.9/Modules/Compiler/GNU-C.cmake">
			<Option virtualFolder="CMake Files\..\clion-2017.3.3\bin\cmake\share\cmake-3.9\Modules\Compiler\"/>
		</Unit>
		<Unit filename="/home/cfse/Stage_Malo/CPACSCreatorLib/../clion-2017.3.3/bin/cmake/share/cmake-3.9/Modules/Compiler/GNU.cmake">
			<Option virtualFolder="CMake Files\..\clion-2017.3.3\bin\cmake\share\cmake-3.9\Modules\Compiler\"/>
		</Unit>
		<Unit filename="/home/cfse/Stage_Malo/CPACSCreatorLib/../clion-2017.3.3/bin/cmake/share/cmake-3.9/Modules/Compiler/CMakeCommonCompilerMacros.cmake">
			<Option virtualFolder="CMake Files\..\clion-2017.3.3\bin\cmake\share\cmake-3.9\Modules\Compiler\"/>
		</Unit>
		<Unit filename="/home/cfse/Stage_Malo/CPACSCreatorLib/../clion-2017.3.3/bin/cmake/share/cmake-3.9/Modules/Compiler/GNU-CXX.cmake">
			<Option virtualFolder="CMake Files\..\clion-2017.3.3\bin\cmake\share\cmake-3.9\Modules\Compiler\"/>
		</Unit>
		<Unit filename="/home/cfse/Stage_Malo/CPACSCreatorLib/../clion-2017.3.3/bin/cmake/share/cmake-3.9/Modules/Compiler/GNU.cmake">
			<Option virtualFolder="CMake Files\..\clion-2017.3.3\bin\cmake\share\cmake-3.9\Modules\Compiler\"/>
		</Unit>
		<Unit filename="/home/cfse/Stage_Malo/CPACSCreatorLib/CPACSCreatorLibTests/CMakeLists.txt">
			<Option virtualFolder="CMake Files\CPACSCreatorLibTests\"/>
		</Unit>
		<Unit filename="/home/cfse/Stage_Malo/CPACSCreatorLib/CPACSCreatorLibTests/CMakeLists.txt">
			<Option virtualFolder="CMake Files\CPACSCreatorLibTests\"/>
		</Unit>
		<Unit filename="/home/cfse/Stage_Malo/CPACSCreatorLib/CPACSCreatorLibTests/CreatorTests/CMakeLists.txt">
			<Option virtualFolder="CMake Files\CPACSCreatorLibTests\CreatorTests\"/>
		</Unit>
		<Unit filename="/home/cfse/Stage_Malo/CPACSCreatorLib/CPACSCreatorLibTests/CreatorTests/CMakeLists.txt">
			<Option virtualFolder="CMake Files\CPACSCreatorLibTests\CreatorTests\"/>
		</Unit>
		<Unit filename="/home/cfse/Stage_Malo/CPACSCreatorLib/CPACSCreatorLibTests/googletest-release-1.8.0/CMakeLists.txt">
			<Option virtualFolder="CMake Files\CPACSCreatorLibTests\googletest-release-1.8.0\"/>
		</Unit>
		<Unit filename="/home/cfse/Stage_Malo/CPACSCreatorLib/CPACSCreatorLibTests/googletest-release-1.8.0/CMakeLists.txt">
			<Option virtualFolder="CMake Files\CPACSCreatorLibTests\googletest-release-1.8.0\"/>
		</Unit>
		<Unit filename="/home/cfse/Stage_Malo/CPACSCreatorLib/CPACSCreatorLibTests/googletest-release-1.8.0/CMakeLists.txt">
			<Option virtualFolder="CMake Files\CPACSCreatorLibTests\googletest-release-1.8.0\"/>
		</Unit>
		<Unit filename="/home/cfse/Stage_Malo/CPACSCreatorLib/CPACSCreatorLibTests/googletest-release-1.8.0/googlemock/CMakeLists.txt">
			<Option virtualFolder="CMake Files\CPACSCreatorLibTests\googletest-release-1.8.0\googlemock\"/>
		</Unit>
		<Unit filename="/home/cfse/Stage_Malo/CPACSCreatorLib/CPACSCreatorLibTests/googletest-release-1.8.0/googlemock/CMakeLists.txt">
			<Option virtualFolder="CMake Files\CPACSCreatorLibTests\googletest-release-1.8.0\googlemock\"/>
		</Unit>
		<Unit filename="/home/cfse/Stage_Malo/CPACSCreatorLib/CPACSCreatorLibTests/googletest-release-1.8.0/googlemock/CMakeLists.txt">
			<Option virtualFolder="CMake Files\CPACSCreatorLibTests\googletest-release-1.8.0\googlemock\"/>
		</Unit>
		<Unit filename="/home/cfse/Stage_Malo/CPACSCreatorLib/CPACSCreatorLibTests/googletest-release-1.8.0/googlemock/CMakeLists.txt">
			<Option virtualFolder="CMake Files\CPACSCreatorLibTests\googletest-release-1.8.0\googlemock\"/>
		</Unit>
		<Unit filename="/home/cfse/Stage_Malo/CPACSCreatorLib/CPACSCreatorLibTests/googletest-release-1.8.0/googletest/CMakeLists.txt">
			<Option virtualFolder="CMake Files\CPACSCreatorLibTests\googletest-release-1.8.0\googletest\"/>
		</Unit>
		<Unit filename="/home/cfse/Stage_Malo/CPACSCreatorLib/CPACSCreatorLibTests/googletest-release-1.8.0/googletest/CMakeLists.txt">
			<Option virtualFolder="CMake Files\CPACSCreatorLibTests\googletest-release-1.8.0\googletest\"/>
		</Unit>
		<Unit filename="/home/cfse/Stage_Malo/CPACSCreatorLib/CPACSCreatorLibTests/googletest-release-1.8.0/googletest/CMakeLists.txt">
			<Option virtualFolder="CMake Files\CPACSCreatorLibTests\googletest-release-1.8.0\googletest\"/>
		</Unit>
		<Unit filename="/home/cfse/Stage_Malo/CPACSCreatorLib/CPACSCreatorLibTests/googletest-release-1.8.0/googletest/CMakeLists.txt">
			<Option virtualFolder="CMake Files\CPACSCreatorLibTests\googletest-release-1.8.0\googletest\"/>
		</Unit>
		<Unit filename="/home/cfse/Stage_Malo/CPACSCreatorLib/CPACSCreatorLibTests/googletest-release-1.8.0/googletest/CMakeLists.txt">
			<Option virtualFolder="CMake Files\CPACSCreatorLibTests\googletest-release-1.8.0\googletest\"/>
		</Unit>
		<Unit filename="/home/cfse/Stage_Malo/CPACSCreatorLib/CPACSCreatorLibTests/googletest-release-1.8.0/googletest/cmake/internal_utils.cmake">
			<Option virtualFolder="CMake Files\CPACSCreatorLibTests\googletest-release-1.8.0\googletest\cmake\"/>
		</Unit>
		<Unit filename="/home/cfse/Stage_Malo/CPACSCreatorLib/CPACSCreatorLibTests/googletest-release-1.8.0/googletest/cmake/internal_utils.cmake">
			<Option virtualFolder="CMake Files\CPACSCreatorLibTests\googletest-release-1.8.0\googletest\cmake\"/>
		</Unit>
		<Unit filename="/home/cfse/Stage_Malo/CPACSCreatorLib/CPACSCreatorLibTests/googletest-release-1.8.0/googletest/cmake/internal_utils.cmake">
			<Option virtualFolder="CMake Files\CPACSCreatorLibTests\googletest-release-1.8.0\googletest\cmake\"/>
		</Unit>
		<Unit filename="/home/cfse/Stage_Malo/CPACSCreatorLib/CPACSCreatorLibTests/googletest-release-1.8.0/googletest/cmake/internal_utils.cmake">
			<Option virtualFolder="CMake Files\CPACSCreatorLibTests\googletest-release-1.8.0\googletest\cmake\"/>
		</Unit>
		<Unit filename="/home/cfse/Stage_Malo/CPACSCreatorLib/CPACSCreatorLibTests/googletest-release-1.8.0/googletest/cmake/internal_utils.cmake">
			<Option virtualFolder="CMake Files\CPACSCreatorLibTests\googletest-release-1.8.0\googletest\cmake\"/>
		</Unit>
	</Project>
</CodeBlocks_project_file>
